
Microsoft Visual Studio Solution File, Format Version 12.00
# Visual Studio Version 18
VisualStudioVersion = 18.7.11919.86
MinimumVisualStudioVersion = 10.0.40219.1
Project("{2150E333-8FDC-42A3-9474-1A3956D46DE8}") = "Tool", "Tool", "{80D46013-0A0B-4129-890D-2B99E8B8D1FC}"
EndProject
Project("{2150E333-8FDC-42A3-9474-1A3956D46DE8}") = "Shared", "Shared", "{6B42106C-F035-4BB9-9DBD-82844EAFDADF}"
EndProject
Project("{2150E333-8FDC-42A3-9474-1A3956D46DE8}") = "Lib", "Lib", "{83C49CBD-7BA5-4FAC-926D-E102FFF1CFFF}"
EndProject
Project("{2150E333-8FDC-42A3-9474-1A3956D46DE8}") = "Dbo", "Dbo", "{6631E6ED-F2EF-4DBC-852C-81874EE29401}"
EndProject
Project("{8BC9CEB8-8B4A-11D0-8D11-00A0C91BC942}") = "NtlCore", "Lib\NtlCore\NtlCore.vcxproj", "{2D91CAFC-1814-4CB4-B844-4E55F937D051}"
EndProject
Project("{8BC9CEB8-8B4A-11D0-8D11-00A0C91BC942}") = "NtlSound", "Lib\NtlSound\NtlSound.vcxproj", "{AC4B3632-113D-40E1-B22F-0E6D9D1FD15A}"
EndProject
Project("{8BC9CEB8-8B4A-11D0-8D11-00A0C91BC942}") = "NtlGui", "Lib\NtlGui\NtlGui.vcxproj", "{4CACAF6F-333C-4AC8-BB0E-CE8EEE4B44A3}"
EndProject
Project("{8BC9CEB8-8B4A-11D0-8D11-00A0C91BC942}") = "NtlFramework", "Lib\NtlFramework\NtlFramework.vcxproj", "{A2E4D1EC-1758-44E0-B3C9-955C286F84BE}"
EndProject
Project("{8BC9CEB8-8B4A-11D0-8D11-00A0C91BC942}") = "NtlPresentation", "Lib\NtlPresentation\NtlPresentation.vcxproj", "{0EC8E06B-8138-4BFD-8AF7-9CAD1F2F65AC}"
EndProject
Project("{8BC9CEB8-8B4A-11D0-8D11-00A0C91BC942}") = "NtlSimulation", "Lib\NtlSimulation\NtlSimulation.vcxproj", "{7BB7020C-506B-47F4-B54B-C91C6F5246CA}"
EndProject
Project("{8BC9CEB8-8B4A-11D0-8D11-00A0C91BC942}") = "Client", "Client\Client.vcxproj", "{8E1E45F4-1BCF-412A-A5E7-79EA79233C4F}"
	ProjectSection(ProjectDependencies) = postProject
		{1F437F8E-D07B-4A71-858C-318DDF7FF968} = {1F437F8E-D07B-4A71-858C-318DDF7FF968}
	EndProjectSection
EndProject
Project("{8BC9CEB8-8B4A-11D0-8D11-00A0C91BC942}") = "Ntl_Plugin_Toon", "Lib\Ntl_Plugin_Toon\Ntl_Plugin_Toon.vcxproj", "{0A07CCC0-9F5D-4E94-B7D6-68BD00DFD37D}"
EndProject
Project("{8BC9CEB8-8B4A-11D0-8D11-00A0C91BC942}") = "NtlXMLLoader", "..\NtlLib\Shared\NtlXMLLoader\NtlXMLLoader.vcxproj", "{9D941CAC-4183-44E3-AEC3-817C0A32D1DD}"
EndProject
Project("{8BC9CEB8-8B4A-11D0-8D11-00A0C91BC942}") = "Lua", "..\NtlLib\Shared\Lua\Lua.vcxproj", "{F7291B35-71F2-47C4-AE77-F3C4AB3B43A0}"
EndProject
Project("{8BC9CEB8-8B4A-11D0-8D11-00A0C91BC942}") = "NtlShared", "..\DboShared\NtlShared2\NtlShared.vcxproj", "{573EB1E4-7620-479E-8CCF-DEF06491545B}"
EndProject
Project("{8BC9CEB8-8B4A-11D0-8D11-00A0C91BC942}") = "NtlClientNet", "..\NtlLib\Client\NtlClientNet\NtlClientNet.vcxproj", "{C54A01C8-8482-4EF8-B259-06DFF4FD4DBE}"
EndProject
Project("{8BC9CEB8-8B4A-11D0-8D11-00A0C91BC942}") = "NtlGameTable", "..\DboShared\NtlGameTable\NtlGameTable.vcxproj", "{9A4DC8E8-16EF-463B-8F14-77F447A782CC}"
EndProject
Project("{8BC9CEB8-8B4A-11D0-8D11-00A0C91BC942}") = "NtlTrigger", "..\NtlLib\Shared\NtlTrigger\NtlTrigger.vcxproj", "{31832309-D436-4C40-913D-87AAF73FFC99}"
EndProject
Project("{8BC9CEB8-8B4A-11D0-8D11-00A0C91BC942}") = "DboTrigger", "..\DboShared\DboTrigger\DboTrigger.vcxproj", "{3BEE299B-D145-4030-81DD-D8B9ADE8B767}"
EndProject
Project("{8BC9CEB8-8B4A-11D0-8D11-00A0C91BC942}") = "Ntl_Plugin_Collis", "Lib\Ntl_Plugin_Collis\Ntl_Plugin_Collis.vcxproj", "{4BD7B6FB-4AFC-4880-A136-3B59F384ED9E}"
EndProject
Project("{8BC9CEB8-8B4A-11D0-8D11-00A0C91BC942}") = "Util", "..\NtlLib\Shared\Util\Util.vcxproj", "{5229F8AE-A505-4077-B6D3-5CE0164DFE73}"
EndProject
Project("{8BC9CEB8-8B4A-11D0-8D11-00A0C91BC942}") = "NtlLocalize", "Lib\NtlLocalize\NtlLocalize.vcxproj", "{CF10A0F6-007A-4BD3-896F-2CA1E9FAEF45}"
EndProject
Project("{8BC9CEB8-8B4A-11D0-8D11-00A0C91BC942}") = "PackEditor", "Tool\PackEditor\PackEditor.vcxproj", "{6B986670-4F74-4BD1-B3F2-4C79496BB2E1}"
EndProject
Project("{8BC9CEB8-8B4A-11D0-8D11-00A0C91BC942}") = "NtlFlasher", "Lib\NtlFlasher\NtlFlasher.vcxproj", "{DE6F78C4-D4BD-4594-B1F0-E7FE85E30EE5}"
EndProject
Project("{8BC9CEB8-8B4A-11D0-8D11-00A0C91BC942}") = "Ntl_Plugin_World", "Lib\Ntl_Plugin_World\Ntl_Plugin_World.vcxproj", "{837E47AA-E57B-46FF-B42F-26F23BCBA8DF}"
EndProject
Project("{8BC9CEB8-8B4A-11D0-8D11-00A0C91BC942}") = "NtlNavi", "..\NtlLib\Shared\NtlNavi\NtlNavi.vcxproj", "{F402446F-1027-44E2-B78B-F50537CC3F08}"
EndProject
Project("{8BC9CEB8-8B4A-11D0-8D11-00A0C91BC942}") = "NtlPathEngine", "..\NtlLib\Shared\NtlPathEngine\NtlPathEngine.vcxproj", "{5C632C3B-4EE4-470A-BCC7-0EC83C058CB9}"
EndProject
Project("{8BC9CEB8-8B4A-11D0-8D11-00A0C91BC942}") = "NtlMovie", "Lib\NtlMovie\NtlMovie.vcxproj", "{393DFFA4-16B4-4037-AED4-36C4DFFB5B18}"
EndProject
Project("{8BC9CEB8-8B4A-11D0-8D11-00A0C91BC942}") = "Discord", "Lib\Discord\Discord.vcxproj", "{1F437F8E-D07B-4A71-858C-318DDF7FF968}"
EndProject
Project("{8BC9CEB8-8B4A-11D0-8D11-00A0C91BC942}") = "TSTool", "Tool\TSTool\TSTool.vcxproj", "{76814177-7FC9-46C0-9415-8A7A6DE32B13}"
EndProject
Project("{8BC9CEB8-8B4A-11D0-8D11-00A0C91BC942}") = "zlib", "..\NtlLib\Shared\Zip\zlib123\projects\zlib.vcxproj", "{9B2B6C11-764E-4D4B-8DB2-F91AC99E0B93}"
EndProject
Project("{8BC9CEB8-8B4A-11D0-8D11-00A0C91BC942}") = "TableEditor", "Tool\TableEditor\TableEditor.vcxproj", "{B964121C-8283-4619-A3DC-5DE195776A44}"
EndProject
Project("{2150E333-8FDC-42A3-9474-1A3956D46DE8}") = "Renderware", "Renderware", "{0F57A354-CF62-4264-8358-F59F4EC974D2}"
EndProject
Project("{8BC9CEB8-8B4A-11D0-8D11-00A0C91BC942}") = "rwcore", "Renderware\Include\rwcore.vcxproj", "{F81D062A-8751-498D-8CAF-0AC57BCA03D7}"
EndProject
Project("{8BC9CEB8-8B4A-11D0-8D11-00A0C91BC942}") = "rwplcore", "Renderware\Include\rwplcore.vcxproj", "{F4FB1FD6-C092-49F1-A85B-04CB819E9DB1}"
EndProject
Project("{8BC9CEB8-8B4A-11D0-8D11-00A0C91BC942}") = "rpadc", "Renderware\Include\rpadc\rpadc.vcxproj", "{2BD8E1B8-56BD-45A1-BFB6-8C94283460D2}"
EndProject
Project("{8BC9CEB8-8B4A-11D0-8D11-00A0C91BC942}") = "rpanisot", "Renderware\Include\rpanisot\rpanisot.vcxproj", "{922B3916-A23C-4197-B390-AEEDDFC66CF4}"
EndProject
Project("{8BC9CEB8-8B4A-11D0-8D11-00A0C91BC942}") = "rpcrowd", "Renderware\Include\rpcrowd\rpcrowd.vcxproj", "{E3805E00-E016-477A-9230-728F15AE3CC8}"
EndProject
Project("{8BC9CEB8-8B4A-11D0-8D11-00A0C91BC942}") = "rpdmorph", "Renderware\Include\rpdmorph\rpdmorph.vcxproj", "{F765A9C4-8B85-47FF-8498-7E4DE2F37075}"
EndProject
Project("{8BC9CEB8-8B4A-11D0-8D11-00A0C91BC942}") = "rpenv", "Renderware\Include\rpenv\rpenv.vcxproj", "{B2D0B9BF-06DC-4EF3-897C-538D1E71AD1A}"
EndProject
Project("{8BC9CEB8-8B4A-11D0-8D11-00A0C91BC942}") = "rphanim", "Renderware\Include\rphanim\rphanim.vcxproj", "{AFD522EC-FCDF-4D1B-87A1-2D9708B283A1}"
EndProject
Project("{8BC9CEB8-8B4A-11D0-8D11-00A0C91BC942}") = "rpid", "Renderware\Include\rpid\rpid.vcxproj", "{BCB1EB0E-6966-4B54-87B7-FD84168B31F0}"
EndProject
Project("{8BC9CEB8-8B4A-11D0-8D11-00A0C91BC942}") = "rplodatm", "Renderware\Include\rplodatm\rplodatm.vcxproj", "{598C65CD-65AA-493A-AF8B-F0A0E949B998}"
EndProject
Project("{8BC9CEB8-8B4A-11D0-8D11-00A0C91BC942}") = "rplogo", "Renderware\Include\rplogo\rplogo.vcxproj", "{46A064D7-3551-44BC-A5D8-4B24A9FD5BA6}"
EndProject
Project("{8BC9CEB8-8B4A-11D0-8D11-00A0C91BC942}") = "rpltmap", "Renderware\Include\rpltmap\rpltmap.vcxproj", "{E0E9E259-A110-4219-98D5-8738B744D138}"
EndProject
Project("{8BC9CEB8-8B4A-11D0-8D11-00A0C91BC942}") = "rpmatfx", "Renderware\Include\rpmatfx\rpmatfx.vcxproj", "{4CCB747F-AFE7-4A2C-A455-051A916946CD}"
EndProject
Project("{8BC9CEB8-8B4A-11D0-8D11-00A0C91BC942}") = "rpmipkl", "Renderware\Include\rpmipkl\rpmipkl.vcxproj", "{8444E7EA-CCB2-4C68-B7AB-DD6A11C01DF3}"
EndProject
Project("{8BC9CEB8-8B4A-11D0-8D11-00A0C91BC942}") = "rpmorph", "Renderware\Include\rpmorph\rpmorph.vcxproj", "{7BECDB31-3682-469B-9F78-ECBE1E2755F4}"
EndProject
Project("{8BC9CEB8-8B4A-11D0-8D11-00A0C91BC942}") = "rpnormmap", "Renderware\Include\rpnormmap\rpnormmap.vcxproj", "{B0BDC256-4832-40C3-958F-29A16EA73201}"
EndProject
Project("{8BC9CEB8-8B4A-11D0-8D11-00A0C91BC942}") = "rpnormmapskin", "Renderware\Include\rpnormmapskin\rpnormmapskin.vcxproj", "{BE183786-311C-460E-8F05-2186400C3874}"
EndProject
Project("{8BC9CEB8-8B4A-11D0-8D11-00A0C91BC942}") = "rppatch", "Renderware\Include\rppatch\rppatch.vcxproj", "{367E90DF-3873-43F7-819C-EE476E07EBAA}"
EndProject
Project("{8BC9CEB8-8B4A-11D0-8D11-00A0C91BC942}") = "rppatchmatfx", "Renderware\Include\rppatchmatfx\rppatchmatfx.vcxproj", "{82F61CAE-BBEC-4036-B711-87D64CCDE19C}"
EndProject
Project("{8BC9CEB8-8B4A-11D0-8D11-00A0C91BC942}") = "rppatchskin", "Renderware\Include\rppatchskin\rppatchskin.vcxproj", "{D8F39367-5BEB-40A5-B526-5DDA7AB2229B}"
EndProject
Project("{8BC9CEB8-8B4A-11D0-8D11-00A0C91BC942}") = "rppatchskinmatfx", "Renderware\Include\rppatchskinmatfx\rppatchskinmatfx.vcxproj", "{7237D67C-6495-4989-83F5-112B9B77DC3C}"
EndProject
Project("{8BC9CEB8-8B4A-11D0-8D11-00A0C91BC942}") = "rpprtadv", "Renderware\Include\rpprtadv\rpprtadv.vcxproj", "{1658E4C7-7D42-4FF9-AF1C-7BA323A73FD9}"
EndProject
Project("{8BC9CEB8-8B4A-11D0-8D11-00A0C91BC942}") = "rpprtstd", "Renderware\Include\rpprtstd\rpprtstd.vcxproj", "{BA3C8156-B36E-46F0-AEA0-DC988D17300D}"
EndProject
Project("{8BC9CEB8-8B4A-11D0-8D11-00A0C91BC942}") = "rpptank", "Renderware\Include\rpptank\rpptank.vcxproj", "{21D75C8F-7E76-407E-89E0-6A24DA974580}"
EndProject
Project("{8BC9CEB8-8B4A-11D0-8D11-00A0C91BC942}") = "rppvs", "Renderware\Include\rppvs\rppvs.vcxproj", "{476640C6-9AEE-471F-8D58-BB398FD7975C}"
EndProject
Project("{8BC9CEB8-8B4A-11D0-8D11-00A0C91BC942}") = "rprandom", "Renderware\Include\rprandom\rprandom.vcxproj", "{C476EC84-6AB1-4A5B-8DEB-FAB41688D345}"
EndProject
Project("{8BC9CEB8-8B4A-11D0-8D11-00A0C91BC942}") = "rpskin", "Renderware\Include\rpskin2\rpskin2.vcxproj", "{A930572A-E96A-4744-A1D1-85FD85361050}"
EndProject
Project("{8BC9CEB8-8B4A-11D0-8D11-00A0C91BC942}") = "rpskinmatfx", "Renderware\Include\rpskinmatfx\rpskinmatfx.vcxproj", "{6B5B0CCF-A7D4-4B76-A2A7-2C2A1D04BA56}"
EndProject
Project("{8BC9CEB8-8B4A-11D0-8D11-00A0C91BC942}") = "rpskinmatfxtoon", "Renderware\Include\rpskinmatfxtoon\rpskinmatfxtoon.vcxproj", "{E97DA30A-6597-4CC2-87A4-F2E38EA8BF43}"
EndProject
Project("{8BC9CEB8-8B4A-11D0-8D11-00A0C91BC942}") = "rpskintoon", "Renderware\Include\rpskintoon\rpskintoon.vcxproj", "{2255B772-2619-4AFB-A8F8-42F79F011C88}"
EndProject
Project("{8BC9CEB8-8B4A-11D0-8D11-00A0C91BC942}") = "rpspline", "Renderware\Include\rpspline\rpspline.vcxproj", "{CBE074A7-0CD8-4E0A-B24C-6C903B07CB28}"
EndProject
Project("{8BC9CEB8-8B4A-11D0-8D11-00A0C91BC942}") = "rpteam", "Renderware\Include\rpteam\rpteam.vcxproj", "{FCCBC98E-C1E8-4454-A612-DC193E745FE9}"
EndProject
Project("{8BC9CEB8-8B4A-11D0-8D11-00A0C91BC942}") = "rpusrdat", "Renderware\Include\rpuserdat\rpuserdat.vcxproj", "{C818C2D3-5A67-4F3B-B516-55636CC71C5B}"
EndProject
Project("{8BC9CEB8-8B4A-11D0-8D11-00A0C91BC942}") = "rpuvanim", "Renderware\Include\rpuvanim\rpuvanim.vcxproj", "{A29F3FC1-5756-400D-8E23-67B593CC47D9}"
EndProject
Project("{8BC9CEB8-8B4A-11D0-8D11-00A0C91BC942}") = "rt2d", "Renderware\Include\rt2d\rt2d.vcxproj", "{401BE724-205B-488B-B520-BA1D4E8FC0E5}"
EndProject
Project("{8BC9CEB8-8B4A-11D0-8D11-00A0C91BC942}") = "rt2danim", "Renderware\Include\rt2danim\rt2danim.vcxproj", "{5C5F8A26-28FE-47D4-9C47-3F2A57485B0F}"
EndProject
Project("{8BC9CEB8-8B4A-11D0-8D11-00A0C91BC942}") = "rtanim", "Renderware\Include\rtanim\rtanim.vcxproj", "{86570CC2-2883-4998-80EF-0D6C091A2207}"
EndProject
Project("{8BC9CEB8-8B4A-11D0-8D11-00A0C91BC942}") = "rtbary", "Renderware\Include\rtbary\rtbary.vcxproj", "{BA7FB9CA-D56C-4378-90DD-7678B75AFD4D}"
EndProject
Project("{8BC9CEB8-8B4A-11D0-8D11-00A0C91BC942}") = "rtbezpat", "Renderware\Include\rtbezpat\rtbezpat.vcxproj", "{132F579A-679C-4706-9748-D4745D942E36}"
EndProject
Project("{8BC9CEB8-8B4A-11D0-8D11-00A0C91BC942}") = "rtbmp", "Renderware\Include\rtbmp\rtbmp.vcxproj", "{BA93790A-24DF-4ED0-993F-FCC970B88E5F}"
EndProject
Project("{8BC9CEB8-8B4A-11D0-8D11-00A0C91BC942}") = "rtcharse", "Renderware\Include\rtcharse\rtcharse.vcxproj", "{AD1CFFF2-C695-415A-A7F9-8E308D05070C}"
EndProject
Project("{8BC9CEB8-8B4A-11D0-8D11-00A0C91BC942}") = "rtcmpkey", "Renderware\Include\rtcmpkey\rtcmpkey.vcxproj", "{D41D138C-B7B3-4083-ABD7-DFAA5503F1D0}"
EndProject
Project("{8BC9CEB8-8B4A-11D0-8D11-00A0C91BC942}") = "rtdict", "Renderware\Include\rtdict\rtdict.vcxproj", "{CC131AB7-643A-4596-BF51-FB6828B14A17}"
EndProject
Project("{8BC9CEB8-8B4A-11D0-8D11-00A0C91BC942}") = "rtfsyst", "Renderware\Include\rtfsyst\rtfsyst.vcxproj", "{BD30F2DA-B4FC-4BA5-B931-D4F59F413AB4}"
EndProject
Project("{8BC9CEB8-8B4A-11D0-8D11-00A0C91BC942}") = "rtgcond", "Renderware\Include\rtgcond\rtgcond.vcxproj", "{D9475800-7917-4530-AEDC-C08208292532}"
EndProject
Project("{8BC9CEB8-8B4A-11D0-8D11-00A0C91BC942}") = "rtgncpip", "Renderware\Include\rtgncpip\rtgncpip.vcxproj", "{921559A8-7839-44B0-8F70-AD52500EA4A7}"
EndProject
Project("{8BC9CEB8-8B4A-11D0-8D11-00A0C91BC942}") = "rtimport", "Renderware\Include\rtimport\rtimport.vcxproj", "{DABDC305-442C-414D-92BC-40E03B2D00AA}"
EndProject
Project("{8BC9CEB8-8B4A-11D0-8D11-00A0C91BC942}") = "rtintsec", "Renderware\Include\rtintsec\rtintsec.vcxproj", "{60049D8F-B397-477B-8E74-1081B81FECA8}"
EndProject
Project("{8BC9CEB8-8B4A-11D0-8D11-00A0C91BC942}") = "rtltmap", "Renderware\Include\rtltmap\rtltmap.vcxproj", "{7E7C5CC7-EA3C-4FDC-A138-DFE9578D8EA0}"
EndProject
Project("{8BC9CEB8-8B4A-11D0-8D11-00A0C91BC942}") = "rtltmapcnv", "Renderware\Include\rtltmapcnv\rtltmapcnv.vcxproj", "{880FDBA7-D468-4F2B-A2E0-93B36E676E7D}"
EndProject
Project("{8BC9CEB8-8B4A-11D0-8D11-00A0C91BC942}") = "rtmipk", "Renderware\Include\rtmipk\rtmipk.vcxproj", "{0B8B4BA7-3881-42FC-BCB6-C3D21C0F0EED}"
EndProject
Project("{8BC9CEB8-8B4A-11D0-8D11-00A0C91BC942}") = "rtmipkmatfx", "Renderware\Include\rtmipkmatfx\rtmipkmatfx.vcxproj", "{735F1B94-ED71-417B-9F51-6B696786E463}"
EndProject
Project("{8BC9CEB8-8B4A-11D0-8D11-00A0C91BC942}") = "rtmipkpatch", "Renderware\Include\rtmipkpatch\rtmipkpatch.vcxproj", "{B5402C32-30E2-40F7-8FDD-E82799E41057}"
EndProject
Project("{8BC9CEB8-8B4A-11D0-8D11-00A0C91BC942}") = "rtmipkpatchmatfx", "Renderware\Include\rtmipkpatchmatfx\rtmipkpatchmatfx.vcxproj", "{57D1E8A0-1D7E-4240-A898-17D004CE5372}"
EndProject
Project("{8BC9CEB8-8B4A-11D0-8D11-00A0C91BC942}") = "rtnormmap", "Renderware\Include\rtnormmap\rtnormmap.vcxproj", "{699BE3B6-1D2A-4D8D-ADA8-DA6E2358B001}"
EndProject
Project("{8BC9CEB8-8B4A-11D0-8D11-00A0C91BC942}") = "rtpick", "Renderware\Include\rtpick\rtpick.vcxproj", "{669523D3-0BD4-42FF-B630-3BBEC4E04C2C}"
EndProject
Project("{8BC9CEB8-8B4A-11D0-8D11-00A0C91BC942}") = "rtpitexd", "Renderware\Include\rtpitexd\rtpitexd.vcxproj", "{1C1BDAFE-5D69-4D1F-9E12-4A580E82EC44}"
EndProject
Project("{8BC9CEB8-8B4A-11D0-8D11-00A0C91BC942}") = "rtpng", "Renderware\Include\rtpng\rtpng.vcxproj", "{988232BD-5B63-4653-9F66-C7C321D641F6}"
EndProject
Project("{8BC9CEB8-8B4A-11D0-8D11-00A0C91BC942}") = "rtquat", "Renderware\Include\rtquat\rtquat.vcxproj", "{041D679D-C9A0-4004-B43E-586270223989}"
EndProject
Project("{8BC9CEB8-8B4A-11D0-8D11-00A0C91BC942}") = "rtras", "Renderware\Include\rtras\rtras.vcxproj", "{347E3815-8CD6-411C-8EF9-DDEAE7B6057A}"
EndProject
Project("{8BC9CEB8-8B4A-11D0-8D11-00A0C91BC942}") = "rtray", "Renderware\Include\rtray\rtray.vcxproj", "{258DC4FF-69C0-4E1E-94FF-278E012CD88F}"
EndProject
Project("{8BC9CEB8-8B4A-11D0-8D11-00A0C91BC942}") = "rtskinsp", "Renderware\Include\rtskinsp\rtskinsp.vcxproj", "{51E2C00E-CE29-4BED-86DF-91AB41CA4DE1}"
EndProject
Project("{8BC9CEB8-8B4A-11D0-8D11-00A0C91BC942}") = "rtslerp", "Renderware\Include\rtslerp\rtslerp.vcxproj", "{B51F37A6-088F-4CCC-AD7A-C68E9F0CF190}"
EndProject
Project("{8BC9CEB8-8B4A-11D0-8D11-00A0C91BC942}") = "rtsplpvs", "Renderware\Include\rtsplpvs\rtsplpvs.vcxproj", "{702A04BE-A640-47FA-A17A-A634D3103AC3}"
EndProject
Project("{8BC9CEB8-8B4A-11D0-8D11-00A0C91BC942}") = "rttiff", "Renderware\Include\rttiff\rttiff.vcxproj", "{15B4EF1D-8B98-4DF4-A9F7-880010A14975}"
EndProject
Project("{8BC9CEB8-8B4A-11D0-8D11-00A0C91BC942}") = "rttilerd", "Renderware\Include\rttilerd\rttilerd.vcxproj", "{5EF84E36-EF9C-4CED-85B0-0D8F3FF1E43E}"
EndProject
Project("{8BC9CEB8-8B4A-11D0-8D11-00A0C91BC942}") = "rttoc", "Renderware\Include\rttoc\rttoc.vcxproj", "{C6647368-067F-4773-85E2-2BCD231F1952}"
EndProject
Project("{8BC9CEB8-8B4A-11D0-8D11-00A0C91BC942}") = "rttoon", "Renderware\Include\rttoon\rttoon.vcxproj", "{30B44128-7E2B-4B44-80BE-AA04D6EB4577}"
EndProject
Project("{8BC9CEB8-8B4A-11D0-8D11-00A0C91BC942}") = "rtvcat", "Renderware\Include\rtvcat\rtvcat.vcxproj", "{AF56BF51-7782-4534-B417-9DB12F90A493}"
EndProject
Project("{8BC9CEB8-8B4A-11D0-8D11-00A0C91BC942}") = "rtwing", "Renderware\Include\rtwing\rtwing.vcxproj", "{2FE8B8B4-BF90-49CC-9F20-6EBFCB53E880}"
EndProject
Project("{8BC9CEB8-8B4A-11D0-8D11-00A0C91BC942}") = "rtworld", "Renderware\Include\rtworld\rtworld.vcxproj", "{E014CDD3-DA5B-4ECF-8076-6A0CD476678D}"
EndProject
Project("{8BC9CEB8-8B4A-11D0-8D11-00A0C91BC942}") = "DBOLauncher", "Tool\DBOLauncher\DBOLauncher.vcxproj", "{923EA46A-C519-4DC1-B2B5-F4B6A7A0E07B}"
EndProject
Global
	GlobalSection(SolutionConfigurationPlatforms) = preSolution
		Release|Win32 = Release|Win32
		Release|x64 = Release|x64
		Release4Tools|Win32 = Release4Tools|Win32
		Release4Tools|x64 = Release4Tools|x64
	EndGlobalSection
	GlobalSection(ProjectConfigurationPlatforms) = postSolution
		{2D91CAFC-1814-4CB4-B844-4E55F937D051}.Release|Win32.ActiveCfg = Release|Win32
		{2D91CAFC-1814-4CB4-B844-4E55F937D051}.Release|Win32.Build.0 = Release|Win32
		{2D91CAFC-1814-4CB4-B844-4E55F937D051}.Release|x64.ActiveCfg = Release|x64
		{2D91CAFC-1814-4CB4-B844-4E55F937D051}.Release|x64.Build.0 = Release|x64
		{2D91CAFC-1814-4CB4-B844-4E55F937D051}.Release4Tools|Win32.ActiveCfg = Release4Tools|Win32
		{2D91CAFC-1814-4CB4-B844-4E55F937D051}.Release4Tools|Win32.Build.0 = Release4Tools|Win32
		{2D91CAFC-1814-4CB4-B844-4E55F937D051}.Release4Tools|x64.ActiveCfg = Release4Tools|x64
		{2D91CAFC-1814-4CB4-B844-4E55F937D051}.Release4Tools|x64.Build.0 = Release4Tools|x64
		{AC4B3632-113D-40E1-B22F-0E6D9D1FD15A}.Release|Win32.ActiveCfg = Release|Win32
		{AC4B3632-113D-40E1-B22F-0E6D9D1FD15A}.Release|Win32.Build.0 = Release|Win32
		{AC4B3632-113D-40E1-B22F-0E6D9D1FD15A}.Release|x64.ActiveCfg = Release|x64
		{AC4B3632-113D-40E1-B22F-0E6D9D1FD15A}.Release|x64.Build.0 = Release|x64
		{AC4B3632-113D-40E1-B22F-0E6D9D1FD15A}.Release4Tools|Win32.ActiveCfg = Release4Tools|Win32
		{AC4B3632-113D-40E1-B22F-0E6D9D1FD15A}.Release4Tools|Win32.Build.0 = Release4Tools|Win32
		{AC4B3632-113D-40E1-B22F-0E6D9D1FD15A}.Release4Tools|x64.ActiveCfg = Release4Tools|Win32
		{AC4B3632-113D-40E1-B22F-0E6D9D1FD15A}.Release4Tools|x64.Build.0 = Release4Tools|Win32
		{4CACAF6F-333C-4AC8-BB0E-CE8EEE4B44A3}.Release|Win32.ActiveCfg = Release|Win32
		{4CACAF6F-333C-4AC8-BB0E-CE8EEE4B44A3}.Release|Win32.Build.0 = Release|Win32
		{4CACAF6F-333C-4AC8-BB0E-CE8EEE4B44A3}.Release|x64.ActiveCfg = Release|x64
		{4CACAF6F-333C-4AC8-BB0E-CE8EEE4B44A3}.Release|x64.Build.0 = Release|x64
		{4CACAF6F-333C-4AC8-BB0E-CE8EEE4B44A3}.Release4Tools|Win32.ActiveCfg = Release4Tools|Win32
		{4CACAF6F-333C-4AC8-BB0E-CE8EEE4B44A3}.Release4Tools|Win32.Build.0 = Release4Tools|Win32
		{4CACAF6F-333C-4AC8-BB0E-CE8EEE4B44A3}.Release4Tools|x64.ActiveCfg = Release4Tools|x64
		{4CACAF6F-333C-4AC8-BB0E-CE8EEE4B44A3}.Release4Tools|x64.Build.0 = Release4Tools|x64
		{A2E4D1EC-1758-44E0-B3C9-955C286F84BE}.Release|Win32.ActiveCfg = Release|Win32
		{A2E4D1EC-1758-44E0-B3C9-955C286F84BE}.Release|Win32.Build.0 = Release|Win32
		{A2E4D1EC-1758-44E0-B3C9-955C286F84BE}.Release|x64.ActiveCfg = Release|x64
		{A2E4D1EC-1758-44E0-B3C9-955C286F84BE}.Release|x64.Build.0 = Release|x64
		{A2E4D1EC-1758-44E0-B3C9-955C286F84BE}.Release4Tools|Win32.ActiveCfg = Release4Tools|Win32
		{A2E4D1EC-1758-44E0-B3C9-955C286F84BE}.Release4Tools|Win32.Build.0 = Release4Tools|Win32
		{A2E4D1EC-1758-44E0-B3C9-955C286F84BE}.Release4Tools|x64.ActiveCfg = Release4Tools|x64
		{A2E4D1EC-1758-44E0-B3C9-955C286F84BE}.Release4Tools|x64.Build.0 = Release4Tools|x64
		{0EC8E06B-8138-4BFD-8AF7-9CAD1F2F65AC}.Release|Win32.ActiveCfg = Release|Win32
		{0EC8E06B-8138-4BFD-8AF7-9CAD1F2F65AC}.Release|Win32.Build.0 = Release|Win32
		{0EC8E06B-8138-4BFD-8AF7-9CAD1F2F65AC}.Release|x64.ActiveCfg = Release|x64
		{0EC8E06B-8138-4BFD-8AF7-9CAD1F2F65AC}.Release|x64.Build.0 = Release|x64
		{0EC8E06B-8138-4BFD-8AF7-9CAD1F2F65AC}.Release4Tools|Win32.ActiveCfg = Release4Tools|Win32
		{0EC8E06B-8138-4BFD-8AF7-9CAD1F2F65AC}.Release4Tools|Win32.Build.0 = Release4Tools|Win32
		{0EC8E06B-8138-4BFD-8AF7-9CAD1F2F65AC}.Release4Tools|x64.ActiveCfg = Release4Tools|x64
		{0EC8E06B-8138-4BFD-8AF7-9CAD1F2F65AC}.Release4Tools|x64.Build.0 = Release4Tools|x64
		{7BB7020C-506B-47F4-B54B-C91C6F5246CA}.Release|Win32.ActiveCfg = Release|Win32
		{7BB7020C-506B-47F4-B54B-C91C6F5246CA}.Release|Win32.Build.0 = Release|Win32
		{7BB7020C-506B-47F4-B54B-C91C6F5246CA}.Release|x64.ActiveCfg = Release|x64
		{7BB7020C-506B-47F4-B54B-C91C6F5246CA}.Release|x64.Build.0 = Release|x64
		{7BB7020C-506B-47F4-B54B-C91C6F5246CA}.Release4Tools|Win32.ActiveCfg = Release4Tools|Win32
		{7BB7020C-506B-47F4-B54B-C91C6F5246CA}.Release4Tools|Win32.Build.0 = Release4Tools|Win32
		{7BB7020C-506B-47F4-B54B-C91C6F5246CA}.Release4Tools|x64.ActiveCfg = Release4Tools|x64
		{7BB7020C-506B-47F4-B54B-C91C6F5246CA}.Release4Tools|x64.Build.0 = Release4Tools|x64
		{8E1E45F4-1BCF-412A-A5E7-79EA79233C4F}.Release|Win32.ActiveCfg = Release|Win32
		{8E1E45F4-1BCF-412A-A5E7-79EA79233C4F}.Release|Win32.Build.0 = Release|Win32
		{8E1E45F4-1BCF-412A-A5E7-79EA79233C4F}.Release|x64.ActiveCfg = Release|x64
		{8E1E45F4-1BCF-412A-A5E7-79EA79233C4F}.Release|x64.Build.0 = Release|x64
		{8E1E45F4-1BCF-412A-A5E7-79EA79233C4F}.Release4Tools|Win32.ActiveCfg = Release|Win32
		{8E1E45F4-1BCF-412A-A5E7-79EA79233C4F}.Release4Tools|x64.ActiveCfg = Release|x64
		{8E1E45F4-1BCF-412A-A5E7-79EA79233C4F}.Release4Tools|x64.Build.0 = Release|x64
		{0A07CCC0-9F5D-4E94-B7D6-68BD00DFD37D}.Release|Win32.ActiveCfg = Release|Win32
		{0A07CCC0-9F5D-4E94-B7D6-68BD00DFD37D}.Release|Win32.Build.0 = Release|Win32
		{0A07CCC0-9F5D-4E94-B7D6-68BD00DFD37D}.Release|x64.ActiveCfg = Release|x64
		{0A07CCC0-9F5D-4E94-B7D6-68BD00DFD37D}.Release|x64.Build.0 = Release|x64
		{0A07CCC0-9F5D-4E94-B7D6-68BD00DFD37D}.Release4Tools|Win32.ActiveCfg = Release4Tools|Win32
		{0A07CCC0-9F5D-4E94-B7D6-68BD00DFD37D}.Release4Tools|Win32.Build.0 = Release4Tools|Win32
		{0A07CCC0-9F5D-4E94-B7D6-68BD00DFD37D}.Release4Tools|x64.ActiveCfg = Release4Tools|Win32
		{0A07CCC0-9F5D-4E94-B7D6-68BD00DFD37D}.Release4Tools|x64.Build.0 = Release4Tools|Win32
		{9D941CAC-4183-44E3-AEC3-817C0A32D1DD}.Release|Win32.ActiveCfg = Release|Win32
		{9D941CAC-4183-44E3-AEC3-817C0A32D1DD}.Release|Win32.Build.0 = Release|Win32
		{9D941CAC-4183-44E3-AEC3-817C0A32D1DD}.Release|x64.ActiveCfg = Release|x64
		{9D941CAC-4183-44E3-AEC3-817C0A32D1DD}.Release|x64.Build.0 = Release|x64
		{9D941CAC-4183-44E3-AEC3-817C0A32D1DD}.Release4Tools|Win32.ActiveCfg = Release4Tools|Win32
		{9D941CAC-4183-44E3-AEC3-817C0A32D1DD}.Release4Tools|Win32.Build.0 = Release4Tools|Win32
		{9D941CAC-4183-44E3-AEC3-817C0A32D1DD}.Release4Tools|x64.ActiveCfg = Release4Tools|x64
		{9D941CAC-4183-44E3-AEC3-817C0A32D1DD}.Release4Tools|x64.Build.0 = Release4Tools|x64
		{F7291B35-71F2-47C4-AE77-F3C4AB3B43A0}.Release|Win32.ActiveCfg = Release|Win32
		{F7291B35-71F2-47C4-AE77-F3C4AB3B43A0}.Release|Win32.Build.0 = Release|Win32
		{F7291B35-71F2-47C4-AE77-F3C4AB3B43A0}.Release|x64.ActiveCfg = Release|x64
		{F7291B35-71F2-47C4-AE77-F3C4AB3B43A0}.Release|x64.Build.0 = Release|x64
		{F7291B35-71F2-47C4-AE77-F3C4AB3B43A0}.Release4Tools|Win32.ActiveCfg = Release4Tools|Win32
		{F7291B35-71F2-47C4-AE77-F3C4AB3B43A0}.Release4Tools|Win32.Build.0 = Release4Tools|Win32
		{F7291B35-71F2-47C4-AE77-F3C4AB3B43A0}.Release4Tools|x64.ActiveCfg = Release4Tools|x64
		{F7291B35-71F2-47C4-AE77-F3C4AB3B43A0}.Release4Tools|x64.Build.0 = Release4Tools|x64
		{573EB1E4-7620-479E-8CCF-DEF06491545B}.Release|Win32.ActiveCfg = Release|Win32
		{573EB1E4-7620-479E-8CCF-DEF06491545B}.Release|Win32.Build.0 = Release|Win32
		{573EB1E4-7620-479E-8CCF-DEF06491545B}.Release|x64.ActiveCfg = Release|x64
		{573EB1E4-7620-479E-8CCF-DEF06491545B}.Release|x64.Build.0 = Release|x64
		{573EB1E4-7620-479E-8CCF-DEF06491545B}.Release4Tools|Win32.ActiveCfg = Release4Tools|Win32
		{573EB1E4-7620-479E-8CCF-DEF06491545B}.Release4Tools|Win32.Build.0 = Release4Tools|Win32
		{573EB1E4-7620-479E-8CCF-DEF06491545B}.Release4Tools|x64.ActiveCfg = Release4Tools|x64
		{573EB1E4-7620-479E-8CCF-DEF06491545B}.Release4Tools|x64.Build.0 = Release4Tools|x64
		{C54A01C8-8482-4EF8-B259-06DFF4FD4DBE}.Release|Win32.ActiveCfg = Release|Win32
		{C54A01C8-8482-4EF8-B259-06DFF4FD4DBE}.Release|Win32.Build.0 = Release|Win32
		{C54A01C8-8482-4EF8-B259-06DFF4FD4DBE}.Release|x64.ActiveCfg = Release|x64
		{C54A01C8-8482-4EF8-B259-06DFF4FD4DBE}.Release|x64.Build.0 = Release|x64
		{C54A01C8-8482-4EF8-B259-06DFF4FD4DBE}.Release4Tools|Win32.ActiveCfg = Release4Tools|Win32
		{C54A01C8-8482-4EF8-B259-06DFF4FD4DBE}.Release4Tools|Win32.Build.0 = Release4Tools|Win32
		{C54A01C8-8482-4EF8-B259-06DFF4FD4DBE}.Release4Tools|x64.ActiveCfg = Release4Tools|Win32
		{C54A01C8-8482-4EF8-B259-06DFF4FD4DBE}.Release4Tools|x64.Build.0 = Release4Tools|Win32
		{9A4DC8E8-16EF-463B-8F14-77F447A782CC}.Release|Win32.ActiveCfg = Release|Win32
		{9A4DC8E8-16EF-463B-8F14-77F447A782CC}.Release|Win32.Build.0 = Release|Win32
		{9A4DC8E8-16EF-463B-8F14-77F447A782CC}.Release|x64.ActiveCfg = Release|x64
		{9A4DC8E8-16EF-463B-8F14-77F447A782CC}.Release|x64.Build.0 = Release|x64
		{9A4DC8E8-16EF-463B-8F14-77F447A782CC}.Release4Tools|Win32.ActiveCfg = Release4Tools|Win32
		{9A4DC8E8-16EF-463B-8F14-77F447A782CC}.Release4Tools|Win32.Build.0 = Release4Tools|Win32
		{9A4DC8E8-16EF-463B-8F14-77F447A782CC}.Release4Tools|x64.ActiveCfg = Release4Tools|x64
		{9A4DC8E8-16EF-463B-8F14-77F447A782CC}.Release4Tools|x64.Build.0 = Release4Tools|x64
		{31832309-D436-4C40-913D-87AAF73FFC99}.Release|Win32.ActiveCfg = Release|Win32
		{31832309-D436-4C40-913D-87AAF73FFC99}.Release|Win32.Build.0 = Release|Win32
		{31832309-D436-4C40-913D-87AAF73FFC99}.Release|x64.ActiveCfg = Release|x64
		{31832309-D436-4C40-913D-87AAF73FFC99}.Release|x64.Build.0 = Release|x64
		{31832309-D436-4C40-913D-87AAF73FFC99}.Release4Tools|Win32.ActiveCfg = Release4Tools|Win32
		{31832309-D436-4C40-913D-87AAF73FFC99}.Release4Tools|Win32.Build.0 = Release4Tools|Win32
		{31832309-D436-4C40-913D-87AAF73FFC99}.Release4Tools|x64.ActiveCfg = Release4Tools|x64
		{31832309-D436-4C40-913D-87AAF73FFC99}.Release4Tools|x64.Build.0 = Release4Tools|x64
		{3BEE299B-D145-4030-81DD-D8B9ADE8B767}.Release|Win32.ActiveCfg = Release|Win32
		{3BEE299B-D145-4030-81DD-D8B9ADE8B767}.Release|Win32.Build.0 = Release|Win32
		{3BEE299B-D145-4030-81DD-D8B9ADE8B767}.Release|x64.ActiveCfg = Release|x64
		{3BEE299B-D145-4030-81DD-D8B9ADE8B767}.Release|x64.Build.0 = Release|x64
		{3BEE299B-D145-4030-81DD-D8B9ADE8B767}.Release4Tools|Win32.ActiveCfg = Release4Tools|Win32
		{3BEE299B-D145-4030-81DD-D8B9ADE8B767}.Release4Tools|Win32.Build.0 = Release4Tools|Win32
		{3BEE299B-D145-4030-81DD-D8B9ADE8B767}.Release4Tools|x64.ActiveCfg = Release4Tools|x64
		{3BEE299B-D145-4030-81DD-D8B9ADE8B767}.Release4Tools|x64.Build.0 = Release4Tools|x64
		{4BD7B6FB-4AFC-4880-A136-3B59F384ED9E}.Release|Win32.ActiveCfg = Release|Win32
		{4BD7B6FB-4AFC-4880-A136-3B59F384ED9E}.Release|Win32.Build.0 = Release|Win32
		{4BD7B6FB-4AFC-4880-A136-3B59F384ED9E}.Release|x64.ActiveCfg = Release|x64
		{4BD7B6FB-4AFC-4880-A136-3B59F384ED9E}.Release|x64.Build.0 = Release|x64
		{4BD7B6FB-4AFC-4880-A136-3B59F384ED9E}.Release4Tools|Win32.ActiveCfg = Release4Tools|Win32
		{4BD7B6FB-4AFC-4880-A136-3B59F384ED9E}.Release4Tools|Win32.Build.0 = Release4Tools|Win32
		{4BD7B6FB-4AFC-4880-A136-3B59F384ED9E}.Release4Tools|x64.ActiveCfg = Release4Tools|Win32
		{4BD7B6FB-4AFC-4880-A136-3B59F384ED9E}.Release4Tools|x64.Build.0 = Release4Tools|Win32
		{5229F8AE-A505-4077-B6D3-5CE0164DFE73}.Release|Win32.ActiveCfg = Release|Win32
		{5229F8AE-A505-4077-B6D3-5CE0164DFE73}.Release|Win32.Build.0 = Release|Win32
		{5229F8AE-A505-4077-B6D3-5CE0164DFE73}.Release|x64.ActiveCfg = Release|x64
		{5229F8AE-A505-4077-B6D3-5CE0164DFE73}.Release|x64.Build.0 = Release|x64
		{5229F8AE-A505-4077-B6D3-5CE0164DFE73}.Release4Tools|Win32.ActiveCfg = Release4Tools|Win32
		{5229F8AE-A505-4077-B6D3-5CE0164DFE73}.Release4Tools|Win32.Build.0 = Release4Tools|Win32
		{5229F8AE-A505-4077-B6D3-5CE0164DFE73}.Release4Tools|x64.ActiveCfg = Release4Tools|x64
		{5229F8AE-A505-4077-B6D3-5CE0164DFE73}.Release4Tools|x64.Build.0 = Release4Tools|x64
		{CF10A0F6-007A-4BD3-896F-2CA1E9FAEF45}.Release|Win32.ActiveCfg = Release|Win32
		{CF10A0F6-007A-4BD3-896F-2CA1E9FAEF45}.Release|Win32.Build.0 = Release|Win32
		{CF10A0F6-007A-4BD3-896F-2CA1E9FAEF45}.Release|x64.ActiveCfg = Release|x64
		{CF10A0F6-007A-4BD3-896F-2CA1E9FAEF45}.Release|x64.Build.0 = Release|x64
		{CF10A0F6-007A-4BD3-896F-2CA1E9FAEF45}.Release4Tools|Win32.ActiveCfg = Release4Tools|Win32
		{CF10A0F6-007A-4BD3-896F-2CA1E9FAEF45}.Release4Tools|Win32.Build.0 = Release4Tools|Win32
		{CF10A0F6-007A-4BD3-896F-2CA1E9FAEF45}.Release4Tools|x64.ActiveCfg = Release4Tools|Win32
		{CF10A0F6-007A-4BD3-896F-2CA1E9FAEF45}.Release4Tools|x64.Build.0 = Release4Tools|Win32
		{6B986670-4F74-4BD1-B3F2-4C79496BB2E1}.Release|Win32.ActiveCfg = Release4Tools|Win32
		{6B986670-4F74-4BD1-B3F2-4C79496BB2E1}.Release|x64.ActiveCfg = Release4Tools|x64
		{6B986670-4F74-4BD1-B3F2-4C79496BB2E1}.Release|x64.Build.0 = Release4Tools|x64
		{6B986670-4F74-4BD1-B3F2-4C79496BB2E1}.Release4Tools|Win32.ActiveCfg = Release4Tools|Win32
		{6B986670-4F74-4BD1-B3F2-4C79496BB2E1}.Release4Tools|Win32.Build.0 = Release4Tools|Win32
		{6B986670-4F74-4BD1-B3F2-4C79496BB2E1}.Release4Tools|x64.ActiveCfg = Release4Tools|x64
		{DE6F78C4-D4BD-4594-B1F0-E7FE85E30EE5}.Release|Win32.ActiveCfg = Release|Win32
		{DE6F78C4-D4BD-4594-B1F0-E7FE85E30EE5}.Release|Win32.Build.0 = Release|Win32
		{DE6F78C4-D4BD-4594-B1F0-E7FE85E30EE5}.Release|x64.ActiveCfg = Release|x64
		{DE6F78C4-D4BD-4594-B1F0-E7FE85E30EE5}.Release|x64.Build.0 = Release|x64
		{DE6F78C4-D4BD-4594-B1F0-E7FE85E30EE5}.Release4Tools|Win32.ActiveCfg = Release4Tools|Win32
		{DE6F78C4-D4BD-4594-B1F0-E7FE85E30EE5}.Release4Tools|Win32.Build.0 = Release4Tools|Win32
		{DE6F78C4-D4BD-4594-B1F0-E7FE85E30EE5}.Release4Tools|x64.ActiveCfg = Release4Tools|Win32
		{DE6F78C4-D4BD-4594-B1F0-E7FE85E30EE5}.Release4Tools|x64.Build.0 = Release4Tools|Win32
		{837E47AA-E57B-46FF-B42F-26F23BCBA8DF}.Release|Win32.ActiveCfg = Release|Win32
		{837E47AA-E57B-46FF-B42F-26F23BCBA8DF}.Release|Win32.Build.0 = Release|Win32
		{837E47AA-E57B-46FF-B42F-26F23BCBA8DF}.Release|x64.ActiveCfg = Release|x64
		{837E47AA-E57B-46FF-B42F-26F23BCBA8DF}.Release|x64.Build.0 = Release|x64
		{837E47AA-E57B-46FF-B42F-26F23BCBA8DF}.Release4Tools|Win32.ActiveCfg = Release4Tools|Win32
		{837E47AA-E57B-46FF-B42F-26F23BCBA8DF}.Release4Tools|Win32.Build.0 = Release4Tools|Win32
		{837E47AA-E57B-46FF-B42F-26F23BCBA8DF}.Release4Tools|x64.ActiveCfg = Release4Tools|x64
		{837E47AA-E57B-46FF-B42F-26F23BCBA8DF}.Release4Tools|x64.Build.0 = Release4Tools|x64
		{F402446F-1027-44E2-B78B-F50537CC3F08}.Release|Win32.ActiveCfg = Release|Win32
		{F402446F-1027-44E2-B78B-F50537CC3F08}.Release|Win32.Build.0 = Release|Win32
		{F402446F-1027-44E2-B78B-F50537CC3F08}.Release|x64.ActiveCfg = Release|x64
		{F402446F-1027-44E2-B78B-F50537CC3F08}.Release|x64.Build.0 = Release|x64
		{F402446F-1027-44E2-B78B-F50537CC3F08}.Release4Tools|Win32.ActiveCfg = Release4Tools|Win32
		{F402446F-1027-44E2-B78B-F50537CC3F08}.Release4Tools|Win32.Build.0 = Release4Tools|Win32
		{F402446F-1027-44E2-B78B-F50537CC3F08}.Release4Tools|x64.ActiveCfg = Release4Tools|x64
		{F402446F-1027-44E2-B78B-F50537CC3F08}.Release4Tools|x64.Build.0 = Release4Tools|x64
		{5C632C3B-4EE4-470A-BCC7-0EC83C058CB9}.Release|Win32.ActiveCfg = Release|Win32
		{5C632C3B-4EE4-470A-BCC7-0EC83C058CB9}.Release|Win32.Build.0 = Release|Win32
		{5C632C3B-4EE4-470A-BCC7-0EC83C058CB9}.Release|x64.ActiveCfg = Release|x64
		{5C632C3B-4EE4-470A-BCC7-0EC83C058CB9}.Release|x64.Build.0 = Release|x64
		{5C632C3B-4EE4-470A-BCC7-0EC83C058CB9}.Release4Tools|Win32.ActiveCfg = Release4Tools|Win32
		{5C632C3B-4EE4-470A-BCC7-0EC83C058CB9}.Release4Tools|Win32.Build.0 = Release4Tools|Win32
		{5C632C3B-4EE4-470A-BCC7-0EC83C058CB9}.Release4Tools|x64.ActiveCfg = Release4Tools|x64
		{5C632C3B-4EE4-470A-BCC7-0EC83C058CB9}.Release4Tools|x64.Build.0 = Release4Tools|x64
		{393DFFA4-16B4-4037-AED4-36C4DFFB5B18}.Release|Win32.ActiveCfg = Release|Win32
		{393DFFA4-16B4-4037-AED4-36C4DFFB5B18}.Release|Win32.Build.0 = Release|Win32
		{393DFFA4-16B4-4037-AED4-36C4DFFB5B18}.Release|x64.ActiveCfg = Release|x64
		{393DFFA4-16B4-4037-AED4-36C4DFFB5B18}.Release|x64.Build.0 = Release|x64
		{393DFFA4-16B4-4037-AED4-36C4DFFB5B18}.Release4Tools|Win32.ActiveCfg = Release4Tools|Win32
		{393DFFA4-16B4-4037-AED4-36C4DFFB5B18}.Release4Tools|Win32.Build.0 = Release4Tools|Win32
		{393DFFA4-16B4-4037-AED4-36C4DFFB5B18}.Release4Tools|x64.ActiveCfg = Release4Tools|Win32
		{393DFFA4-16B4-4037-AED4-36C4DFFB5B18}.Release4Tools|x64.Build.0 = Release4Tools|Win32
		{1F437F8E-D07B-4A71-858C-318DDF7FF968}.Release|Win32.ActiveCfg = Release|Win32
		{1F437F8E-D07B-4A71-858C-318DDF7FF968}.Release|Win32.Build.0 = Release|Win32
		{1F437F8E-D07B-4A71-858C-318DDF7FF968}.Release|x64.ActiveCfg = Release|x64
		{1F437F8E-D07B-4A71-858C-318DDF7FF968}.Release|x64.Build.0 = Release|x64
		{1F437F8E-D07B-4A71-858C-318DDF7FF968}.Release4Tools|Win32.ActiveCfg = Release|Win32
		{1F437F8E-D07B-4A71-858C-318DDF7FF968}.Release4Tools|x64.ActiveCfg = Release|x64
		{1F437F8E-D07B-4A71-858C-318DDF7FF968}.Release4Tools|x64.Build.0 = Release|x64
		{76814177-7FC9-46C0-9415-8A7A6DE32B13}.Release|Win32.ActiveCfg = Release4Tools|Win32
		{76814177-7FC9-46C0-9415-8A7A6DE32B13}.Release|x64.ActiveCfg = Release4Tools|x64
		{76814177-7FC9-46C0-9415-8A7A6DE32B13}.Release|x64.Build.0 = Release4Tools|x64
		{76814177-7FC9-46C0-9415-8A7A6DE32B13}.Release4Tools|Win32.ActiveCfg = Release4Tools|Win32
		{76814177-7FC9-46C0-9415-8A7A6DE32B13}.Release4Tools|Win32.Build.0 = Release4Tools|Win32
		{76814177-7FC9-46C0-9415-8A7A6DE32B13}.Release4Tools|x64.ActiveCfg = Release4Tools|x64
		{9B2B6C11-764E-4D4B-8DB2-F91AC99E0B93}.Release|Win32.ActiveCfg = Release|Win32
		{9B2B6C11-764E-4D4B-8DB2-F91AC99E0B93}.Release|Win32.Build.0 = Release|Win32
		{9B2B6C11-764E-4D4B-8DB2-F91AC99E0B93}.Release|x64.ActiveCfg = Release|x64
		{9B2B6C11-764E-4D4B-8DB2-F91AC99E0B93}.Release|x64.Build.0 = Release|x64
		{9B2B6C11-764E-4D4B-8DB2-F91AC99E0B93}.Release4Tools|Win32.ActiveCfg = Release4Tools|Win32
		{9B2B6C11-764E-4D4B-8DB2-F91AC99E0B93}.Release4Tools|Win32.Build.0 = Release4Tools|Win32
		{9B2B6C11-764E-4D4B-8DB2-F91AC99E0B93}.Release4Tools|x64.ActiveCfg = Release4Tools|x64
		{9B2B6C11-764E-4D4B-8DB2-F91AC99E0B93}.Release4Tools|x64.Build.0 = Release4Tools|x64
		{B964121C-8283-4619-A3DC-5DE195776A44}.Release|Win32.ActiveCfg = Release4Tools|Win32
		{B964121C-8283-4619-A3DC-5DE195776A44}.Release|x64.ActiveCfg = Release4Tools|x64
		{B964121C-8283-4619-A3DC-5DE195776A44}.Release|x64.Build.0 = Release4Tools|x64
		{B964121C-8283-4619-A3DC-5DE195776A44}.Release4Tools|Win32.ActiveCfg = Release4Tools|Win32
		{B964121C-8283-4619-A3DC-5DE195776A44}.Release4Tools|Win32.Build.0 = Release4Tools|Win32
		{B964121C-8283-4619-A3DC-5DE195776A44}.Release4Tools|x64.ActiveCfg = Release4Tools|x64
		{F81D062A-8751-498D-8CAF-0AC57BCA03D7}.Release|Win32.ActiveCfg = Release|Win32
		{F81D062A-8751-498D-8CAF-0AC57BCA03D7}.Release|Win32.Build.0 = Release|Win32
		{F81D062A-8751-498D-8CAF-0AC57BCA03D7}.Release|x64.ActiveCfg = Release|x64
		{F81D062A-8751-498D-8CAF-0AC57BCA03D7}.Release|x64.Build.0 = Release|x64
		{F81D062A-8751-498D-8CAF-0AC57BCA03D7}.Release4Tools|Win32.ActiveCfg = Release|Win32
		{F81D062A-8751-498D-8CAF-0AC57BCA03D7}.Release4Tools|Win32.Build.0 = Release|Win32
		{F81D062A-8751-498D-8CAF-0AC57BCA03D7}.Release4Tools|x64.ActiveCfg = Release|x64
		{F81D062A-8751-498D-8CAF-0AC57BCA03D7}.Release4Tools|x64.Build.0 = Release|x64
		{F4FB1FD6-C092-49F1-A85B-04CB819E9DB1}.Release|Win32.ActiveCfg = Release|Win32
		{F4FB1FD6-C092-49F1-A85B-04CB819E9DB1}.Release|Win32.Build.0 = Release|Win32
		{F4FB1FD6-C092-49F1-A85B-04CB819E9DB1}.Release|x64.ActiveCfg = Release|x64
		{F4FB1FD6-C092-49F1-A85B-04CB819E9DB1}.Release|x64.Build.0 = Release|x64
		{F4FB1FD6-C092-49F1-A85B-04CB819E9DB1}.Release4Tools|Win32.ActiveCfg = Release|Win32
		{F4FB1FD6-C092-49F1-A85B-04CB819E9DB1}.Release4Tools|Win32.Build.0 = Release|Win32
		{F4FB1FD6-C092-49F1-A85B-04CB819E9DB1}.Release4Tools|x64.ActiveCfg = Release|x64
		{F4FB1FD6-C092-49F1-A85B-04CB819E9DB1}.Release4Tools|x64.Build.0 = Release|x64
		{2BD8E1B8-56BD-45A1-BFB6-8C94283460D2}.Release|Win32.ActiveCfg = Release|Win32
		{2BD8E1B8-56BD-45A1-BFB6-8C94283460D2}.Release|Win32.Build.0 = Release|Win32
		{2BD8E1B8-56BD-45A1-BFB6-8C94283460D2}.Release|x64.ActiveCfg = Release|x64
		{2BD8E1B8-56BD-45A1-BFB6-8C94283460D2}.Release|x64.Build.0 = Release|x64
		{2BD8E1B8-56BD-45A1-BFB6-8C94283460D2}.Release4Tools|Win32.ActiveCfg = Release|Win32
		{2BD8E1B8-56BD-45A1-BFB6-8C94283460D2}.Release4Tools|Win32.Build.0 = Release|Win32
		{2BD8E1B8-56BD-45A1-BFB6-8C94283460D2}.Release4Tools|x64.ActiveCfg = Release|x64
		{2BD8E1B8-56BD-45A1-BFB6-8C94283460D2}.Release4Tools|x64.Build.0 = Release|x64
		{922B3916-A23C-4197-B390-AEEDDFC66CF4}.Release|Win32.ActiveCfg = Release|Win32
		{922B3916-A23C-4197-B390-AEEDDFC66CF4}.Release|Win32.Build.0 = Release|Win32
		{922B3916-A23C-4197-B390-AEEDDFC66CF4}.Release|x64.ActiveCfg = Release|x64
		{922B3916-A23C-4197-B390-AEEDDFC66CF4}.Release|x64.Build.0 = Release|x64
		{922B3916-A23C-4197-B390-AEEDDFC66CF4}.Release4Tools|Win32.ActiveCfg = Release|Win32
		{922B3916-A23C-4197-B390-AEEDDFC66CF4}.Release4Tools|Win32.Build.0 = Release|Win32
		{922B3916-A23C-4197-B390-AEEDDFC66CF4}.Release4Tools|x64.ActiveCfg = Release|x64
		{922B3916-A23C-4197-B390-AEEDDFC66CF4}.Release4Tools|x64.Build.0 = Release|x64
		{E3805E00-E016-477A-9230-728F15AE3CC8}.Release|Win32.ActiveCfg = Release|Win32
		{E3805E00-E016-477A-9230-728F15AE3CC8}.Release|Win32.Build.0 = Release|Win32
		{E3805E00-E016-477A-9230-728F15AE3CC8}.Release|x64.ActiveCfg = Release|x64
		{E3805E00-E016-477A-9230-728F15AE3CC8}.Release|x64.Build.0 = Release|x64
		{E3805E00-E016-477A-9230-728F15AE3CC8}.Release4Tools|Win32.ActiveCfg = Release|Win32
		{E3805E00-E016-477A-9230-728F15AE3CC8}.Release4Tools|Win32.Build.0 = Release|Win32
		{E3805E00-E016-477A-9230-728F15AE3CC8}.Release4Tools|x64.ActiveCfg = Release|x64
		{E3805E00-E016-477A-9230-728F15AE3CC8}.Release4Tools|x64.Build.0 = Release|x64
		{F765A9C4-8B85-47FF-8498-7E4DE2F37075}.Release|Win32.ActiveCfg = Release|Win32
		{F765A9C4-8B85-47FF-8498-7E4DE2F37075}.Release|Win32.Build.0 = Release|Win32
		{F765A9C4-8B85-47FF-8498-7E4DE2F37075}.Release|x64.ActiveCfg = Release|x64
		{F765A9C4-8B85-47FF-8498-7E4DE2F37075}.Release|x64.Build.0 = Release|x64
		{F765A9C4-8B85-47FF-8498-7E4DE2F37075}.Release4Tools|Win32.ActiveCfg = Release|Win32
		{F765A9C4-8B85-47FF-8498-7E4DE2F37075}.Release4Tools|Win32.Build.0 = Release|Win32
		{F765A9C4-8B85-47FF-8498-7E4DE2F37075}.Release4Tools|x64.ActiveCfg = Release|x64
		{F765A9C4-8B85-47FF-8498-7E4DE2F37075}.Release4Tools|x64.Build.0 = Release|x64
		{B2D0B9BF-06DC-4EF3-897C-538D1E71AD1A}.Release|Win32.ActiveCfg = Release|Win32
		{B2D0B9BF-06DC-4EF3-897C-538D1E71AD1A}.Release|Win32.Build.0 = Release|Win32
		{B2D0B9BF-06DC-4EF3-897C-538D1E71AD1A}.Release|x64.ActiveCfg = Release|x64
		{B2D0B9BF-06DC-4EF3-897C-538D1E71AD1A}.Release|x64.Build.0 = Release|x64
		{B2D0B9BF-06DC-4EF3-897C-538D1E71AD1A}.Release4Tools|Win32.ActiveCfg = Release|Win32
		{B2D0B9BF-06DC-4EF3-897C-538D1E71AD1A}.Release4Tools|Win32.Build.0 = Release|Win32
		{B2D0B9BF-06DC-4EF3-897C-538D1E71AD1A}.Release4Tools|x64.ActiveCfg = Release|x64
		{B2D0B9BF-06DC-4EF3-897C-538D1E71AD1A}.Release4Tools|x64.Build.0 = Release|x64
		{AFD522EC-FCDF-4D1B-87A1-2D9708B283A1}.Release|Win32.ActiveCfg = Release|Win32
		{AFD522EC-FCDF-4D1B-87A1-2D9708B283A1}.Release|Win32.Build.0 = Release|Win32
		{AFD522EC-FCDF-4D1B-87A1-2D9708B283A1}.Release|x64.ActiveCfg = Release|x64
		{AFD522EC-FCDF-4D1B-87A1-2D9708B283A1}.Release|x64.Build.0 = Release|x64
		{AFD522EC-FCDF-4D1B-87A1-2D9708B283A1}.Release4Tools|Win32.ActiveCfg = Release|Win32
		{AFD522EC-FCDF-4D1B-87A1-2D9708B283A1}.Release4Tools|Win32.Build.0 = Release|Win32
		{AFD522EC-FCDF-4D1B-87A1-2D9708B283A1}.Release4Tools|x64.ActiveCfg = Release|x64
		{AFD522EC-FCDF-4D1B-87A1-2D9708B283A1}.Release4Tools|x64.Build.0 = Release|x64
		{BCB1EB0E-6966-4B54-87B7-FD84168B31F0}.Release|Win32.ActiveCfg = Release|Win32
		{BCB1EB0E-6966-4B54-87B7-FD84168B31F0}.Release|Win32.Build.0 = Release|Win32
		{BCB1EB0E-6966-4B54-87B7-FD84168B31F0}.Release|x64.ActiveCfg = Release|x64
		{BCB1EB0E-6966-4B54-87B7-FD84168B31F0}.Release|x64.Build.0 = Release|x64
		{BCB1EB0E-6966-4B54-87B7-FD84168B31F0}.Release4Tools|Win32.ActiveCfg = Release|Win32
		{BCB1EB0E-6966-4B54-87B7-FD84168B31F0}.Release4Tools|Win32.Build.0 = Release|Win32
		{BCB1EB0E-6966-4B54-87B7-FD84168B31F0}.Release4Tools|x64.ActiveCfg = Release|x64
		{BCB1EB0E-6966-4B54-87B7-FD84168B31F0}.Release4Tools|x64.Build.0 = Release|x64
		{598C65CD-65AA-493A-AF8B-F0A0E949B998}.Release|Win32.ActiveCfg = Release|Win32
		{598C65CD-65AA-493A-AF8B-F0A0E949B998}.Release|Win32.Build.0 = Release|Win32
		{598C65CD-65AA-493A-AF8B-F0A0E949B998}.Release|x64.ActiveCfg = Release|x64
		{598C65CD-65AA-493A-AF8B-F0A0E949B998}.Release|x64.Build.0 = Release|x64
		{598C65CD-65AA-493A-AF8B-F0A0E949B998}.Release4Tools|Win32.ActiveCfg = Release|Win32
		{598C65CD-65AA-493A-AF8B-F0A0E949B998}.Release4Tools|Win32.Build.0 = Release|Win32
		{598C65CD-65AA-493A-AF8B-F0A0E949B998}.Release4Tools|x64.ActiveCfg = Release|x64
		{598C65CD-65AA-493A-AF8B-F0A0E949B998}.Release4Tools|x64.Build.0 = Release|x64
		{46A064D7-3551-44BC-A5D8-4B24A9FD5BA6}.Release|Win32.ActiveCfg = Release|Win32
		{46A064D7-3551-44BC-A5D8-4B24A9FD5BA6}.Release|Win32.Build.0 = Release|Win32
		{46A064D7-3551-44BC-A5D8-4B24A9FD5BA6}.Release|x64.ActiveCfg = Release|x64
		{46A064D7-3551-44BC-A5D8-4B24A9FD5BA6}.Release|x64.Build.0 = Release|x64
		{46A064D7-3551-44BC-A5D8-4B24A9FD5BA6}.Release4Tools|Win32.ActiveCfg = Release|Win32
		{46A064D7-3551-44BC-A5D8-4B24A9FD5BA6}.Release4Tools|Win32.Build.0 = Release|Win32
		{46A064D7-3551-44BC-A5D8-4B24A9FD5BA6}.Release4Tools|x64.ActiveCfg = Release|x64
		{46A064D7-3551-44BC-A5D8-4B24A9FD5BA6}.Release4Tools|x64.Build.0 = Release|x64
		{E0E9E259-A110-4219-98D5-8738B744D138}.Release|Win32.ActiveCfg = Release|Win32
		{E0E9E259-A110-4219-98D5-8738B744D138}.Release|Win32.Build.0 = Release|Win32
		{E0E9E259-A110-4219-98D5-8738B744D138}.Release|x64.ActiveCfg = Release|x64
		{E0E9E259-A110-4219-98D5-8738B744D138}.Release|x64.Build.0 = Release|x64
		{E0E9E259-A110-4219-98D5-8738B744D138}.Release4Tools|Win32.ActiveCfg = Release|Win32
		{E0E9E259-A110-4219-98D5-8738B744D138}.Release4Tools|Win32.Build.0 = Release|Win32
		{E0E9E259-A110-4219-98D5-8738B744D138}.Release4Tools|x64.ActiveCfg = Release|x64
		{E0E9E259-A110-4219-98D5-8738B744D138}.Release4Tools|x64.Build.0 = Release|x64
		{4CCB747F-AFE7-4A2C-A455-051A916946CD}.Release|Win32.ActiveCfg = Release|Win32
		{4CCB747F-AFE7-4A2C-A455-051A916946CD}.Release|Win32.Build.0 = Release|Win32
		{4CCB747F-AFE7-4A2C-A455-051A916946CD}.Release|x64.ActiveCfg = Release|x64
		{4CCB747F-AFE7-4A2C-A455-051A916946CD}.Release|x64.Build.0 = Release|x64
		{4CCB747F-AFE7-4A2C-A455-051A916946CD}.Release4Tools|Win32.ActiveCfg = Release|Win32
		{4CCB747F-AFE7-4A2C-A455-051A916946CD}.Release4Tools|Win32.Build.0 = Release|Win32
		{4CCB747F-AFE7-4A2C-A455-051A916946CD}.Release4Tools|x64.ActiveCfg = Release|x64
		{4CCB747F-AFE7-4A2C-A455-051A916946CD}.Release4Tools|x64.Build.0 = Release|x64
		{8444E7EA-CCB2-4C68-B7AB-DD6A11C01DF3}.Release|Win32.ActiveCfg = Release|Win32
		{8444E7EA-CCB2-4C68-B7AB-DD6A11C01DF3}.Release|Win32.Build.0 = Release|Win32
		{8444E7EA-CCB2-4C68-B7AB-DD6A11C01DF3}.Release|x64.ActiveCfg = Release|x64
		{8444E7EA-CCB2-4C68-B7AB-DD6A11C01DF3}.Release|x64.Build.0 = Release|x64
		{8444E7EA-CCB2-4C68-B7AB-DD6A11C01DF3}.Release4Tools|Win32.ActiveCfg = Release|Win32
		{8444E7EA-CCB2-4C68-B7AB-DD6A11C01DF3}.Release4Tools|Win32.Build.0 = Release|Win32
		{8444E7EA-CCB2-4C68-B7AB-DD6A11C01DF3}.Release4Tools|x64.ActiveCfg = Release|x64
		{8444E7EA-CCB2-4C68-B7AB-DD6A11C01DF3}.Release4Tools|x64.Build.0 = Release|x64
		{7BECDB31-3682-469B-9F78-ECBE1E2755F4}.Release|Win32.ActiveCfg = Release|Win32
		{7BECDB31-3682-469B-9F78-ECBE1E2755F4}.Release|Win32.Build.0 = Release|Win32
		{7BECDB31-3682-469B-9F78-ECBE1E2755F4}.Release|x64.ActiveCfg = Release|x64
		{7BECDB31-3682-469B-9F78-ECBE1E2755F4}.Release|x64.Build.0 = Release|x64
		{7BECDB31-3682-469B-9F78-ECBE1E2755F4}.Release4Tools|Win32.ActiveCfg = Release|Win32
		{7BECDB31-3682-469B-9F78-ECBE1E2755F4}.Release4Tools|Win32.Build.0 = Release|Win32
		{7BECDB31-3682-469B-9F78-ECBE1E2755F4}.Release4Tools|x64.ActiveCfg = Release|x64
		{7BECDB31-3682-469B-9F78-ECBE1E2755F4}.Release4Tools|x64.Build.0 = Release|x64
		{B0BDC256-4832-40C3-958F-29A16EA73201}.Release|Win32.ActiveCfg = Release|Win32
		{B0BDC256-4832-40C3-958F-29A16EA73201}.Release|Win32.Build.0 = Release|Win32
		{B0BDC256-4832-40C3-958F-29A16EA73201}.Release|x64.ActiveCfg = Release|x64
		{B0BDC256-4832-40C3-958F-29A16EA73201}.Release|x64.Build.0 = Release|x64
		{B0BDC256-4832-40C3-958F-29A16EA73201}.Release4Tools|Win32.ActiveCfg = Release|Win32
		{B0BDC256-4832-40C3-958F-29A16EA73201}.Release4Tools|Win32.Build.0 = Release|Win32
		{B0BDC256-4832-40C3-958F-29A16EA73201}.Release4Tools|x64.ActiveCfg = Release|x64
		{B0BDC256-4832-40C3-958F-29A16EA73201}.Release4Tools|x64.Build.0 = Release|x64
		{BE183786-311C-460E-8F05-2186400C3874}.Release|Win32.ActiveCfg = Release|Win32
		{BE183786-311C-460E-8F05-2186400C3874}.Release|Win32.Build.0 = Release|Win32
		{BE183786-311C-460E-8F05-2186400C3874}.Release|x64.ActiveCfg = Release|x64
		{BE183786-311C-460E-8F05-2186400C3874}.Release|x64.Build.0 = Release|x64
		{BE183786-311C-460E-8F05-2186400C3874}.Release4Tools|Win32.ActiveCfg = Release|Win32
		{BE183786-311C-460E-8F05-2186400C3874}.Release4Tools|Win32.Build.0 = Release|Win32
		{BE183786-311C-460E-8F05-2186400C3874}.Release4Tools|x64.ActiveCfg = Release|x64
		{BE183786-311C-460E-8F05-2186400C3874}.Release4Tools|x64.Build.0 = Release|x64
		{367E90DF-3873-43F7-819C-EE476E07EBAA}.Release|Win32.ActiveCfg = Release|Win32
		{367E90DF-3873-43F7-819C-EE476E07EBAA}.Release|Win32.Build.0 = Release|Win32
		{367E90DF-3873-43F7-819C-EE476E07EBAA}.Release|x64.ActiveCfg = Release|x64
		{367E90DF-3873-43F7-819C-EE476E07EBAA}.Release|x64.Build.0 = Release|x64
		{367E90DF-3873-43F7-819C-EE476E07EBAA}.Release4Tools|Win32.ActiveCfg = Release|Win32
		{367E90DF-3873-43F7-819C-EE476E07EBAA}.Release4Tools|Win32.Build.0 = Release|Win32
		{367E90DF-3873-43F7-819C-EE476E07EBAA}.Release4Tools|x64.ActiveCfg = Release|x64
		{367E90DF-3873-43F7-819C-EE476E07EBAA}.Release4Tools|x64.Build.0 = Release|x64
		{82F61CAE-BBEC-4036-B711-87D64CCDE19C}.Release|Win32.ActiveCfg = Release|Win32
		{82F61CAE-BBEC-4036-B711-87D64CCDE19C}.Release|Win32.Build.0 = Release|Win32
		{82F61CAE-BBEC-4036-B711-87D64CCDE19C}.Release|x64.ActiveCfg = Release|x64
		{82F61CAE-BBEC-4036-B711-87D64CCDE19C}.Release|x64.Build.0 = Release|x64
		{82F61CAE-BBEC-4036-B711-87D64CCDE19C}.Release4Tools|Win32.ActiveCfg = Release|Win32
		{82F61CAE-BBEC-4036-B711-87D64CCDE19C}.Release4Tools|Win32.Build.0 = Release|Win32
		{82F61CAE-BBEC-4036-B711-87D64CCDE19C}.Release4Tools|x64.ActiveCfg = Release|x64
		{82F61CAE-BBEC-4036-B711-87D64CCDE19C}.Release4Tools|x64.Build.0 = Release|x64
		{D8F39367-5BEB-40A5-B526-5DDA7AB2229B}.Release|Win32.ActiveCfg = Release|Win32
		{D8F39367-5BEB-40A5-B526-5DDA7AB2229B}.Release|Win32.Build.0 = Release|Win32
		{D8F39367-5BEB-40A5-B526-5DDA7AB2229B}.Release|x64.ActiveCfg = Release|x64
		{D8F39367-5BEB-40A5-B526-5DDA7AB2229B}.Release|x64.Build.0 = Release|x64
		{D8F39367-5BEB-40A5-B526-5DDA7AB2229B}.Release4Tools|Win32.ActiveCfg = Release|Win32
		{D8F39367-5BEB-40A5-B526-5DDA7AB2229B}.Release4Tools|Win32.Build.0 = Release|Win32
		{D8F39367-5BEB-40A5-B526-5DDA7AB2229B}.Release4Tools|x64.ActiveCfg = Release|x64
		{D8F39367-5BEB-40A5-B526-5DDA7AB2229B}.Release4Tools|x64.Build.0 = Release|x64
		{7237D67C-6495-4989-83F5-112B9B77DC3C}.Release|Win32.ActiveCfg = Release|Win32
		{7237D67C-6495-4989-83F5-112B9B77DC3C}.Release|Win32.Build.0 = Release|Win32
		{7237D67C-6495-4989-83F5-112B9B77DC3C}.Release|x64.ActiveCfg = Release|x64
		{7237D67C-6495-4989-83F5-112B9B77DC3C}.Release|x64.Build.0 = Release|x64
		{7237D67C-6495-4989-83F5-112B9B77DC3C}.Release4Tools|Win32.ActiveCfg = Release|Win32
		{7237D67C-6495-4989-83F5-112B9B77DC3C}.Release4Tools|Win32.Build.0 = Release|Win32
		{7237D67C-6495-4989-83F5-112B9B77DC3C}.Release4Tools|x64.ActiveCfg = Release|x64
		{7237D67C-6495-4989-83F5-112B9B77DC3C}.Release4Tools|x64.Build.0 = Release|x64
		{1658E4C7-7D42-4FF9-AF1C-7BA323A73FD9}.Release|Win32.ActiveCfg = Release|Win32
		{1658E4C7-7D42-4FF9-AF1C-7BA323A73FD9}.Release|Win32.Build.0 = Release|Win32
		{1658E4C7-7D42-4FF9-AF1C-7BA323A73FD9}.Release|x64.ActiveCfg = Release|x64
		{1658E4C7-7D42-4FF9-AF1C-7BA323A73FD9}.Release|x64.Build.0 = Release|x64
		{1658E4C7-7D42-4FF9-AF1C-7BA323A73FD9}.Release4Tools|Win32.ActiveCfg = Release|Win32
		{1658E4C7-7D42-4FF9-AF1C-7BA323A73FD9}.Release4Tools|Win32.Build.0 = Release|Win32
		{1658E4C7-7D42-4FF9-AF1C-7BA323A73FD9}.Release4Tools|x64.ActiveCfg = Release|x64
		{1658E4C7-7D42-4FF9-AF1C-7BA323A73FD9}.Release4Tools|x64.Build.0 = Release|x64
		{BA3C8156-B36E-46F0-AEA0-DC988D17300D}.Release|Win32.ActiveCfg = Release|Win32
		{BA3C8156-B36E-46F0-AEA0-DC988D17300D}.Release|Win32.Build.0 = Release|Win32
		{BA3C8156-B36E-46F0-AEA0-DC988D17300D}.Release|x64.ActiveCfg = Release|x64
		{BA3C8156-B36E-46F0-AEA0-DC988D17300D}.Release|x64.Build.0 = Release|x64
		{BA3C8156-B36E-46F0-AEA0-DC988D17300D}.Release4Tools|Win32.ActiveCfg = Release|Win32
		{BA3C8156-B36E-46F0-AEA0-DC988D17300D}.Release4Tools|Win32.Build.0 = Release|Win32
		{BA3C8156-B36E-46F0-AEA0-DC988D17300D}.Release4Tools|x64.ActiveCfg = Release|x64
		{BA3C8156-B36E-46F0-AEA0-DC988D17300D}.Release4Tools|x64.Build.0 = Release|x64
		{21D75C8F-7E76-407E-89E0-6A24DA974580}.Release|Win32.ActiveCfg = Release|Win32
		{21D75C8F-7E76-407E-89E0-6A24DA974580}.Release|Win32.Build.0 = Release|Win32
		{21D75C8F-7E76-407E-89E0-6A24DA974580}.Release|x64.ActiveCfg = Release|x64
		{21D75C8F-7E76-407E-89E0-6A24DA974580}.Release|x64.Build.0 = Release|x64
		{21D75C8F-7E76-407E-89E0-6A24DA974580}.Release4Tools|Win32.ActiveCfg = Release|Win32
		{21D75C8F-7E76-407E-89E0-6A24DA974580}.Release4Tools|Win32.Build.0 = Release|Win32
		{21D75C8F-7E76-407E-89E0-6A24DA974580}.Release4Tools|x64.ActiveCfg = Release|x64
		{21D75C8F-7E76-407E-89E0-6A24DA974580}.Release4Tools|x64.Build.0 = Release|x64
		{476640C6-9AEE-471F-8D58-BB398FD7975C}.Release|Win32.ActiveCfg = Release|Win32
		{476640C6-9AEE-471F-8D58-BB398FD7975C}.Release|Win32.Build.0 = Release|Win32
		{476640C6-9AEE-471F-8D58-BB398FD7975C}.Release|x64.ActiveCfg = Release|x64
		{476640C6-9AEE-471F-8D58-BB398FD7975C}.Release|x64.Build.0 = Release|x64
		{476640C6-9AEE-471F-8D58-BB398FD7975C}.Release4Tools|Win32.ActiveCfg = Release|Win32
		{476640C6-9AEE-471F-8D58-BB398FD7975C}.Release4Tools|Win32.Build.0 = Release|Win32
		{476640C6-9AEE-471F-8D58-BB398FD7975C}.Release4Tools|x64.ActiveCfg = Release|x64
		{476640C6-9AEE-471F-8D58-BB398FD7975C}.Release4Tools|x64.Build.0 = Release|x64
		{C476EC84-6AB1-4A5B-8DEB-FAB41688D345}.Release|Win32.ActiveCfg = Release|Win32
		{C476EC84-6AB1-4A5B-8DEB-FAB41688D345}.Release|Win32.Build.0 = Release|Win32
		{C476EC84-6AB1-4A5B-8DEB-FAB41688D345}.Release|x64.ActiveCfg = Release|x64
		{C476EC84-6AB1-4A5B-8DEB-FAB41688D345}.Release|x64.Build.0 = Release|x64
		{C476EC84-6AB1-4A5B-8DEB-FAB41688D345}.Release4Tools|Win32.ActiveCfg = Release|Win32
		{C476EC84-6AB1-4A5B-8DEB-FAB41688D345}.Release4Tools|Win32.Build.0 = Release|Win32
		{C476EC84-6AB1-4A5B-8DEB-FAB41688D345}.Release4Tools|x64.ActiveCfg = Release|x64
		{C476EC84-6AB1-4A5B-8DEB-FAB41688D345}.Release4Tools|x64.Build.0 = Release|x64
		{A930572A-E96A-4744-A1D1-85FD85361050}.Release|Win32.ActiveCfg = Release|Win32
		{A930572A-E96A-4744-A1D1-85FD85361050}.Release|Win32.Build.0 = Release|Win32
		{A930572A-E96A-4744-A1D1-85FD85361050}.Release|x64.ActiveCfg = Release|x64
		{A930572A-E96A-4744-A1D1-85FD85361050}.Release|x64.Build.0 = Release|x64
		{A930572A-E96A-4744-A1D1-85FD85361050}.Release4Tools|Win32.ActiveCfg = Release|Win32
		{A930572A-E96A-4744-A1D1-85FD85361050}.Release4Tools|Win32.Build.0 = Release|Win32
		{A930572A-E96A-4744-A1D1-85FD85361050}.Release4Tools|x64.ActiveCfg = Release|x64
		{A930572A-E96A-4744-A1D1-85FD85361050}.Release4Tools|x64.Build.0 = Release|x64
		{6B5B0CCF-A7D4-4B76-A2A7-2C2A1D04BA56}.Release|Win32.ActiveCfg = Release|Win32
		{6B5B0CCF-A7D4-4B76-A2A7-2C2A1D04BA56}.Release|Win32.Build.0 = Release|Win32
		{6B5B0CCF-A7D4-4B76-A2A7-2C2A1D04BA56}.Release|x64.ActiveCfg = Release|x64
		{6B5B0CCF-A7D4-4B76-A2A7-2C2A1D04BA56}.Release|x64.Build.0 = Release|x64
		{6B5B0CCF-A7D4-4B76-A2A7-2C2A1D04BA56}.Release4Tools|Win32.ActiveCfg = Release|Win32
		{6B5B0CCF-A7D4-4B76-A2A7-2C2A1D04BA56}.Release4Tools|Win32.Build.0 = Release|Win32
		{6B5B0CCF-A7D4-4B76-A2A7-2C2A1D04BA56}.Release4Tools|x64.ActiveCfg = Release|x64
		{6B5B0CCF-A7D4-4B76-A2A7-2C2A1D04BA56}.Release4Tools|x64.Build.0 = Release|x64
		{E97DA30A-6597-4CC2-87A4-F2E38EA8BF43}.Release|Win32.ActiveCfg = Release|Win32
		{E97DA30A-6597-4CC2-87A4-F2E38EA8BF43}.Release|Win32.Build.0 = Release|Win32
		{E97DA30A-6597-4CC2-87A4-F2E38EA8BF43}.Release|x64.ActiveCfg = Release|x64
		{E97DA30A-6597-4CC2-87A4-F2E38EA8BF43}.Release|x64.Build.0 = Release|x64
		{E97DA30A-6597-4CC2-87A4-F2E38EA8BF43}.Release4Tools|Win32.ActiveCfg = Release|Win32
		{E97DA30A-6597-4CC2-87A4-F2E38EA8BF43}.Release4Tools|Win32.Build.0 = Release|Win32
		{E97DA30A-6597-4CC2-87A4-F2E38EA8BF43}.Release4Tools|x64.ActiveCfg = Release|x64
		{E97DA30A-6597-4CC2-87A4-F2E38EA8BF43}.Release4Tools|x64.Build.0 = Release|x64
		{2255B772-2619-4AFB-A8F8-42F79F011C88}.Release|Win32.ActiveCfg = Release|Win32
		{2255B772-2619-4AFB-A8F8-42F79F011C88}.Release|Win32.Build.0 = Release|Win32
		{2255B772-2619-4AFB-A8F8-42F79F011C88}.Release|x64.ActiveCfg = Release|x64
		{2255B772-2619-4AFB-A8F8-42F79F011C88}.Release|x64.Build.0 = Release|x64
		{2255B772-2619-4AFB-A8F8-42F79F011C88}.Release4Tools|Win32.ActiveCfg = Release|Win32
		{2255B772-2619-4AFB-A8F8-42F79F011C88}.Release4Tools|Win32.Build.0 = Release|Win32
		{2255B772-2619-4AFB-A8F8-42F79F011C88}.Release4Tools|x64.ActiveCfg = Release|x64
		{2255B772-2619-4AFB-A8F8-42F79F011C88}.Release4Tools|x64.Build.0 = Release|x64
		{CBE074A7-0CD8-4E0A-B24C-6C903B07CB28}.Release|Win32.ActiveCfg = Release|Win32
		{CBE074A7-0CD8-4E0A-B24C-6C903B07CB28}.Release|Win32.Build.0 = Release|Win32
		{CBE074A7-0CD8-4E0A-B24C-6C903B07CB28}.Release|x64.ActiveCfg = Release|x64
		{CBE074A7-0CD8-4E0A-B24C-6C903B07CB28}.Release|x64.Build.0 = Release|x64
		{CBE074A7-0CD8-4E0A-B24C-6C903B07CB28}.Release4Tools|Win32.ActiveCfg = Release|Win32
		{CBE074A7-0CD8-4E0A-B24C-6C903B07CB28}.Release4Tools|Win32.Build.0 = Release|Win32
		{CBE074A7-0CD8-4E0A-B24C-6C903B07CB28}.Release4Tools|x64.ActiveCfg = Release|x64
		{CBE074A7-0CD8-4E0A-B24C-6C903B07CB28}.Release4Tools|x64.Build.0 = Release|x64
		{FCCBC98E-C1E8-4454-A612-DC193E745FE9}.Release|Win32.ActiveCfg = Release|Win32
		{FCCBC98E-C1E8-4454-A612-DC193E745FE9}.Release|Win32.Build.0 = Release|Win32
		{FCCBC98E-C1E8-4454-A612-DC193E745FE9}.Release|x64.ActiveCfg = Release|x64
		{FCCBC98E-C1E8-4454-A612-DC193E745FE9}.Release|x64.Build.0 = Release|x64
		{FCCBC98E-C1E8-4454-A612-DC193E745FE9}.Release4Tools|Win32.ActiveCfg = Release|Win32
		{FCCBC98E-C1E8-4454-A612-DC193E745FE9}.Release4Tools|Win32.Build.0 = Release|Win32
		{FCCBC98E-C1E8-4454-A612-DC193E745FE9}.Release4Tools|x64.ActiveCfg = Release|x64
		{FCCBC98E-C1E8-4454-A612-DC193E745FE9}.Release4Tools|x64.Build.0 = Release|x64
		{C818C2D3-5A67-4F3B-B516-55636CC71C5B}.Release|Win32.ActiveCfg = Release|Win32
		{C818C2D3-5A67-4F3B-B516-55636CC71C5B}.Release|Win32.Build.0 = Release|Win32
		{C818C2D3-5A67-4F3B-B516-55636CC71C5B}.Release|x64.ActiveCfg = Release|x64
		{C818C2D3-5A67-4F3B-B516-55636CC71C5B}.Release|x64.Build.0 = Release|x64
		{C818C2D3-5A67-4F3B-B516-55636CC71C5B}.Release4Tools|Win32.ActiveCfg = Release|Win32
		{C818C2D3-5A67-4F3B-B516-55636CC71C5B}.Release4Tools|Win32.Build.0 = Release|Win32
		{C818C2D3-5A67-4F3B-B516-55636CC71C5B}.Release4Tools|x64.ActiveCfg = Release|x64
		{C818C2D3-5A67-4F3B-B516-55636CC71C5B}.Release4Tools|x64.Build.0 = Release|x64
		{A29F3FC1-5756-400D-8E23-67B593CC47D9}.Release|Win32.ActiveCfg = Release|Win32
		{A29F3FC1-5756-400D-8E23-67B593CC47D9}.Release|Win32.Build.0 = Release|Win32
		{A29F3FC1-5756-400D-8E23-67B593CC47D9}.Release|x64.ActiveCfg = Release|x64
		{A29F3FC1-5756-400D-8E23-67B593CC47D9}.Release|x64.Build.0 = Release|x64
		{A29F3FC1-5756-400D-8E23-67B593CC47D9}.Release4Tools|Win32.ActiveCfg = Release|Win32
		{A29F3FC1-5756-400D-8E23-67B593CC47D9}.Release4Tools|Win32.Build.0 = Release|Win32
		{A29F3FC1-5756-400D-8E23-67B593CC47D9}.Release4Tools|x64.ActiveCfg = Release|x64
		{A29F3FC1-5756-400D-8E23-67B593CC47D9}.Release4Tools|x64.Build.0 = Release|x64
		{401BE724-205B-488B-B520-BA1D4E8FC0E5}.Release|Win32.ActiveCfg = Release|Win32
		{401BE724-205B-488B-B520-BA1D4E8FC0E5}.Release|Win32.Build.0 = Release|Win32
		{401BE724-205B-488B-B520-BA1D4E8FC0E5}.Release|x64.ActiveCfg = Release|x64
		{401BE724-205B-488B-B520-BA1D4E8FC0E5}.Release|x64.Build.0 = Release|x64
		{401BE724-205B-488B-B520-BA1D4E8FC0E5}.Release4Tools|Win32.ActiveCfg = Release|Win32
		{401BE724-205B-488B-B520-BA1D4E8FC0E5}.Release4Tools|Win32.Build.0 = Release|Win32
		{401BE724-205B-488B-B520-BA1D4E8FC0E5}.Release4Tools|x64.ActiveCfg = Release|x64
		{401BE724-205B-488B-B520-BA1D4E8FC0E5}.Release4Tools|x64.Build.0 = Release|x64
		{5C5F8A26-28FE-47D4-9C47-3F2A57485B0F}.Release|Win32.ActiveCfg = Release|Win32
		{5C5F8A26-28FE-47D4-9C47-3F2A57485B0F}.Release|Win32.Build.0 = Release|Win32
		{5C5F8A26-28FE-47D4-9C47-3F2A57485B0F}.Release|x64.ActiveCfg = Release|x64
		{5C5F8A26-28FE-47D4-9C47-3F2A57485B0F}.Release|x64.Build.0 = Release|x64
		{5C5F8A26-28FE-47D4-9C47-3F2A57485B0F}.Release4Tools|Win32.ActiveCfg = Release|Win32
		{5C5F8A26-28FE-47D4-9C47-3F2A57485B0F}.Release4Tools|Win32.Build.0 = Release|Win32
		{5C5F8A26-28FE-47D4-9C47-3F2A57485B0F}.Release4Tools|x64.ActiveCfg = Release|x64
		{5C5F8A26-28FE-47D4-9C47-3F2A57485B0F}.Release4Tools|x64.Build.0 = Release|x64
		{86570CC2-2883-4998-80EF-0D6C091A2207}.Release|Win32.ActiveCfg = Release|Win32
		{86570CC2-2883-4998-80EF-0D6C091A2207}.Release|Win32.Build.0 = Release|Win32
		{86570CC2-2883-4998-80EF-0D6C091A2207}.Release|x64.ActiveCfg = Release|x64
		{86570CC2-2883-4998-80EF-0D6C091A2207}.Release|x64.Build.0 = Release|x64
		{86570CC2-2883-4998-80EF-0D6C091A2207}.Release4Tools|Win32.ActiveCfg = Release|Win32
		{86570CC2-2883-4998-80EF-0D6C091A2207}.Release4Tools|Win32.Build.0 = Release|Win32
		{86570CC2-2883-4998-80EF-0D6C091A2207}.Release4Tools|x64.ActiveCfg = Release|x64
		{86570CC2-2883-4998-80EF-0D6C091A2207}.Release4Tools|x64.Build.0 = Release|x64
		{BA7FB9CA-D56C-4378-90DD-7678B75AFD4D}.Release|Win32.ActiveCfg = Release|Win32
		{BA7FB9CA-D56C-4378-90DD-7678B75AFD4D}.Release|Win32.Build.0 = Release|Win32
		{BA7FB9CA-D56C-4378-90DD-7678B75AFD4D}.Release|x64.ActiveCfg = Release|x64
		{BA7FB9CA-D56C-4378-90DD-7678B75AFD4D}.Release|x64.Build.0 = Release|x64
		{BA7FB9CA-D56C-4378-90DD-7678B75AFD4D}.Release4Tools|Win32.ActiveCfg = Release|Win32
		{BA7FB9CA-D56C-4378-90DD-7678B75AFD4D}.Release4Tools|Win32.Build.0 = Release|Win32
		{BA7FB9CA-D56C-4378-90DD-7678B75AFD4D}.Release4Tools|x64.ActiveCfg = Release|x64
		{BA7FB9CA-D56C-4378-90DD-7678B75AFD4D}.Release4Tools|x64.Build.0 = Release|x64
		{132F579A-679C-4706-9748-D4745D942E36}.Release|Win32.ActiveCfg = Release|Win32
		{132F579A-679C-4706-9748-D4745D942E36}.Release|Win32.Build.0 = Release|Win32
		{132F579A-679C-4706-9748-D4745D942E36}.Release|x64.ActiveCfg = Release|x64
		{132F579A-679C-4706-9748-D4745D942E36}.Release|x64.Build.0 = Release|x64
		{132F579A-679C-4706-9748-D4745D942E36}.Release4Tools|Win32.ActiveCfg = Release|Win32
		{132F579A-679C-4706-9748-D4745D942E36}.Release4Tools|Win32.Build.0 = Release|Win32
		{132F579A-679C-4706-9748-D4745D942E36}.Release4Tools|x64.ActiveCfg = Release|x64
		{132F579A-679C-4706-9748-D4745D942E36}.Release4Tools|x64.Build.0 = Release|x64
		{BA93790A-24DF-4ED0-993F-FCC970B88E5F}.Release|Win32.ActiveCfg = Release|Win32
		{BA93790A-24DF-4ED0-993F-FCC970B88E5F}.Release|Win32.Build.0 = Release|Win32
		{BA93790A-24DF-4ED0-993F-FCC970B88E5F}.Release|x64.ActiveCfg = Release|x64
		{BA93790A-24DF-4ED0-993F-FCC970B88E5F}.Release|x64.Build.0 = Release|x64
		{BA93790A-24DF-4ED0-993F-FCC970B88E5F}.Release4Tools|Win32.ActiveCfg = Release|Win32
		{BA93790A-24DF-4ED0-993F-FCC970B88E5F}.Release4Tools|Win32.Build.0 = Release|Win32
		{BA93790A-24DF-4ED0-993F-FCC970B88E5F}.Release4Tools|x64.ActiveCfg = Release|x64
		{BA93790A-24DF-4ED0-993F-FCC970B88E5F}.Release4Tools|x64.Build.0 = Release|x64
		{AD1CFFF2-C695-415A-A7F9-8E308D05070C}.Release|Win32.ActiveCfg = Release|Win32
		{AD1CFFF2-C695-415A-A7F9-8E308D05070C}.Release|Win32.Build.0 = Release|Win32
		{AD1CFFF2-C695-415A-A7F9-8E308D05070C}.Release|x64.ActiveCfg = Release|x64
		{AD1CFFF2-C695-415A-A7F9-8E308D05070C}.Release|x64.Build.0 = Release|x64
		{AD1CFFF2-C695-415A-A7F9-8E308D05070C}.Release4Tools|Win32.ActiveCfg = Release|Win32
		{AD1CFFF2-C695-415A-A7F9-8E308D05070C}.Release4Tools|Win32.Build.0 = Release|Win32
		{AD1CFFF2-C695-415A-A7F9-8E308D05070C}.Release4Tools|x64.ActiveCfg = Release|x64
		{AD1CFFF2-C695-415A-A7F9-8E308D05070C}.Release4Tools|x64.Build.0 = Release|x64
		{D41D138C-B7B3-4083-ABD7-DFAA5503F1D0}.Release|Win32.ActiveCfg = Release|Win32
		{D41D138C-B7B3-4083-ABD7-DFAA5503F1D0}.Release|Win32.Build.0 = Release|Win32
		{D41D138C-B7B3-4083-ABD7-DFAA5503F1D0}.Release|x64.ActiveCfg = Release|x64
		{D41D138C-B7B3-4083-ABD7-DFAA5503F1D0}.Release|x64.Build.0 = Release|x64
		{D41D138C-B7B3-4083-ABD7-DFAA5503F1D0}.Release4Tools|Win32.ActiveCfg = Release|Win32
		{D41D138C-B7B3-4083-ABD7-DFAA5503F1D0}.Release4Tools|Win32.Build.0 = Release|Win32
		{D41D138C-B7B3-4083-ABD7-DFAA5503F1D0}.Release4Tools|x64.ActiveCfg = Release|x64
		{D41D138C-B7B3-4083-ABD7-DFAA5503F1D0}.Release4Tools|x64.Build.0 = Release|x64
		{CC131AB7-643A-4596-BF51-FB6828B14A17}.Release|Win32.ActiveCfg = Release|Win32
		{CC131AB7-643A-4596-BF51-FB6828B14A17}.Release|Win32.Build.0 = Release|Win32
		{CC131AB7-643A-4596-BF51-FB6828B14A17}.Release|x64.ActiveCfg = Release|x64
		{CC131AB7-643A-4596-BF51-FB6828B14A17}.Release|x64.Build.0 = Release|x64
		{CC131AB7-643A-4596-BF51-FB6828B14A17}.Release4Tools|Win32.ActiveCfg = Release|Win32
		{CC131AB7-643A-4596-BF51-FB6828B14A17}.Release4Tools|Win32.Build.0 = Release|Win32
		{CC131AB7-643A-4596-BF51-FB6828B14A17}.Release4Tools|x64.ActiveCfg = Release|x64
		{CC131AB7-643A-4596-BF51-FB6828B14A17}.Release4Tools|x64.Build.0 = Release|x64
		{BD30F2DA-B4FC-4BA5-B931-D4F59F413AB4}.Release|Win32.ActiveCfg = Release|Win32
		{BD30F2DA-B4FC-4BA5-B931-D4F59F413AB4}.Release|Win32.Build.0 = Release|Win32
		{BD30F2DA-B4FC-4BA5-B931-D4F59F413AB4}.Release|x64.ActiveCfg = Release|x64
		{BD30F2DA-B4FC-4BA5-B931-D4F59F413AB4}.Release|x64.Build.0 = Release|x64
		{BD30F2DA-B4FC-4BA5-B931-D4F59F413AB4}.Release4Tools|Win32.ActiveCfg = Release|Win32
		{BD30F2DA-B4FC-4BA5-B931-D4F59F413AB4}.Release4Tools|Win32.Build.0 = Release|Win32
		{BD30F2DA-B4FC-4BA5-B931-D4F59F413AB4}.Release4Tools|x64.ActiveCfg = Release|x64
		{BD30F2DA-B4FC-4BA5-B931-D4F59F413AB4}.Release4Tools|x64.Build.0 = Release|x64
		{D9475800-7917-4530-AEDC-C08208292532}.Release|Win32.ActiveCfg = Release|Win32
		{D9475800-7917-4530-AEDC-C08208292532}.Release|Win32.Build.0 = Release|Win32
		{D9475800-7917-4530-AEDC-C08208292532}.Release|x64.ActiveCfg = Release|x64
		{D9475800-7917-4530-AEDC-C08208292532}.Release|x64.Build.0 = Release|x64
		{D9475800-7917-4530-AEDC-C08208292532}.Release4Tools|Win32.ActiveCfg = Release|Win32
		{D9475800-7917-4530-AEDC-C08208292532}.Release4Tools|Win32.Build.0 = Release|Win32
		{D9475800-7917-4530-AEDC-C08208292532}.Release4Tools|x64.ActiveCfg = Release|x64
		{D9475800-7917-4530-AEDC-C08208292532}.Release4Tools|x64.Build.0 = Release|x64
		{921559A8-7839-44B0-8F70-AD52500EA4A7}.Release|Win32.ActiveCfg = Release|Win32
		{921559A8-7839-44B0-8F70-AD52500EA4A7}.Release|Win32.Build.0 = Release|Win32
		{921559A8-7839-44B0-8F70-AD52500EA4A7}.Release|x64.ActiveCfg = Release|x64
		{921559A8-7839-44B0-8F70-AD52500EA4A7}.Release|x64.Build.0 = Release|x64
		{921559A8-7839-44B0-8F70-AD52500EA4A7}.Release4Tools|Win32.ActiveCfg = Release|Win32
		{921559A8-7839-44B0-8F70-AD52500EA4A7}.Release4Tools|Win32.Build.0 = Release|Win32
		{921559A8-7839-44B0-8F70-AD52500EA4A7}.Release4Tools|x64.ActiveCfg = Release|x64
		{921559A8-7839-44B0-8F70-AD52500EA4A7}.Release4Tools|x64.Build.0 = Release|x64
		{DABDC305-442C-414D-92BC-40E03B2D00AA}.Release|Win32.ActiveCfg = Release|Win32
		{DABDC305-442C-414D-92BC-40E03B2D00AA}.Release|Win32.Build.0 = Release|Win32
		{DABDC305-442C-414D-92BC-40E03B2D00AA}.Release|x64.ActiveCfg = Release|x64
		{DABDC305-442C-414D-92BC-40E03B2D00AA}.Release|x64.Build.0 = Release|x64
		{DABDC305-442C-414D-92BC-40E03B2D00AA}.Release4Tools|Win32.ActiveCfg = Release|Win32
		{DABDC305-442C-414D-92BC-40E03B2D00AA}.Release4Tools|Win32.Build.0 = Release|Win32
		{DABDC305-442C-414D-92BC-40E03B2D00AA}.Release4Tools|x64.ActiveCfg = Release|x64
		{DABDC305-442C-414D-92BC-40E03B2D00AA}.Release4Tools|x64.Build.0 = Release|x64
		{60049D8F-B397-477B-8E74-1081B81FECA8}.Release|Win32.ActiveCfg = Release|Win32
		{60049D8F-B397-477B-8E74-1081B81FECA8}.Release|Win32.Build.0 = Release|Win32
		{60049D8F-B397-477B-8E74-1081B81FECA8}.Release|x64.ActiveCfg = Release|x64
		{60049D8F-B397-477B-8E74-1081B81FECA8}.Release|x64.Build.0 = Release|x64
		{60049D8F-B397-477B-8E74-1081B81FECA8}.Release4Tools|Win32.ActiveCfg = Release|Win32
		{60049D8F-B397-477B-8E74-1081B81FECA8}.Release4Tools|Win32.Build.0 = Release|Win32
		{60049D8F-B397-477B-8E74-1081B81FECA8}.Release4Tools|x64.ActiveCfg = Release|x64
		{60049D8F-B397-477B-8E74-1081B81FECA8}.Release4Tools|x64.Build.0 = Release|x64
		{7E7C5CC7-EA3C-4FDC-A138-DFE9578D8EA0}.Release|Win32.ActiveCfg = Release|Win32
		{7E7C5CC7-EA3C-4FDC-A138-DFE9578D8EA0}.Release|Win32.Build.0 = Release|Win32
		{7E7C5CC7-EA3C-4FDC-A138-DFE9578D8EA0}.Release|x64.ActiveCfg = Release|x64
		{7E7C5CC7-EA3C-4FDC-A138-DFE9578D8EA0}.Release|x64.Build.0 = Release|x64
		{7E7C5CC7-EA3C-4FDC-A138-DFE9578D8EA0}.Release4Tools|Win32.ActiveCfg = Release|Win32
		{7E7C5CC7-EA3C-4FDC-A138-DFE9578D8EA0}.Release4Tools|Win32.Build.0 = Release|Win32
		{7E7C5CC7-EA3C-4FDC-A138-DFE9578D8EA0}.Release4Tools|x64.ActiveCfg = Release|x64
		{7E7C5CC7-EA3C-4FDC-A138-DFE9578D8EA0}.Release4Tools|x64.Build.0 = Release|x64
		{880FDBA7-D468-4F2B-A2E0-93B36E676E7D}.Release|Win32.ActiveCfg = Release|Win32
		{880FDBA7-D468-4F2B-A2E0-93B36E676E7D}.Release|Win32.Build.0 = Release|Win32
		{880FDBA7-D468-4F2B-A2E0-93B36E676E7D}.Release|x64.ActiveCfg = Release|x64
		{880FDBA7-D468-4F2B-A2E0-93B36E676E7D}.Release|x64.Build.0 = Release|x64
		{880FDBA7-D468-4F2B-A2E0-93B36E676E7D}.Release4Tools|Win32.ActiveCfg = Release|Win32
		{880FDBA7-D468-4F2B-A2E0-93B36E676E7D}.Release4Tools|Win32.Build.0 = Release|Win32
		{880FDBA7-D468-4F2B-A2E0-93B36E676E7D}.Release4Tools|x64.ActiveCfg = Release|x64
		{880FDBA7-D468-4F2B-A2E0-93B36E676E7D}.Release4Tools|x64.Build.0 = Release|x64
		{0B8B4BA7-3881-42FC-BCB6-C3D21C0F0EED}.Release|Win32.ActiveCfg = Release|Win32
		{0B8B4BA7-3881-42FC-BCB6-C3D21C0F0EED}.Release|Win32.Build.0 = Release|Win32
		{0B8B4BA7-3881-42FC-BCB6-C3D21C0F0EED}.Release|x64.ActiveCfg = Release|x64
		{0B8B4BA7-3881-42FC-BCB6-C3D21C0F0EED}.Release|x64.Build.0 = Release|x64
		{0B8B4BA7-3881-42FC-BCB6-C3D21C0F0EED}.Release4Tools|Win32.ActiveCfg = Release|Win32
		{0B8B4BA7-3881-42FC-BCB6-C3D21C0F0EED}.Release4Tools|Win32.Build.0 = Release|Win32
		{0B8B4BA7-3881-42FC-BCB6-C3D21C0F0EED}.Release4Tools|x64.ActiveCfg = Release|x64
		{0B8B4BA7-3881-42FC-BCB6-C3D21C0F0EED}.Release4Tools|x64.Build.0 = Release|x64
		{735F1B94-ED71-417B-9F51-6B696786E463}.Release|Win32.ActiveCfg = Release|Win32
		{735F1B94-ED71-417B-9F51-6B696786E463}.Release|Win32.Build.0 = Release|Win32
		{735F1B94-ED71-417B-9F51-6B696786E463}.Release|x64.ActiveCfg = Release|x64
		{735F1B94-ED71-417B-9F51-6B696786E463}.Release|x64.Build.0 = Release|x64
		{735F1B94-ED71-417B-9F51-6B696786E463}.Release4Tools|Win32.ActiveCfg = Release|Win32
		{735F1B94-ED71-417B-9F51-6B696786E463}.Release4Tools|Win32.Build.0 = Release|Win32
		{735F1B94-ED71-417B-9F51-6B696786E463}.Release4Tools|x64.ActiveCfg = Release|x64
		{735F1B94-ED71-417B-9F51-6B696786E463}.Release4Tools|x64.Build.0 = Release|x64
		{B5402C32-30E2-40F7-8FDD-E82799E41057}.Release|Win32.ActiveCfg = Release|Win32
		{B5402C32-30E2-40F7-8FDD-E82799E41057}.Release|Win32.Build.0 = Release|Win32
		{B5402C32-30E2-40F7-8FDD-E82799E41057}.Release|x64.ActiveCfg = Release|x64
		{B5402C32-30E2-40F7-8FDD-E82799E41057}.Release|x64.Build.0 = Release|x64
		{B5402C32-30E2-40F7-8FDD-E82799E41057}.Release4Tools|Win32.ActiveCfg = Release|Win32
		{B5402C32-30E2-40F7-8FDD-E82799E41057}.Release4Tools|Win32.Build.0 = Release|Win32
		{B5402C32-30E2-40F7-8FDD-E82799E41057}.Release4Tools|x64.ActiveCfg = Release|x64
		{B5402C32-30E2-40F7-8FDD-E82799E41057}.Release4Tools|x64.Build.0 = Release|x64
		{57D1E8A0-1D7E-4240-A898-17D004CE5372}.Release|Win32.ActiveCfg = Release|Win32
		{57D1E8A0-1D7E-4240-A898-17D004CE5372}.Release|Win32.Build.0 = Release|Win32
		{57D1E8A0-1D7E-4240-A898-17D004CE5372}.Release|x64.ActiveCfg = Release|x64
		{57D1E8A0-1D7E-4240-A898-17D004CE5372}.Release|x64.Build.0 = Release|x64
		{57D1E8A0-1D7E-4240-A898-17D004CE5372}.Release4Tools|Win32.ActiveCfg = Release|Win32
		{57D1E8A0-1D7E-4240-A898-17D004CE5372}.Release4Tools|Win32.Build.0 = Release|Win32
		{57D1E8A0-1D7E-4240-A898-17D004CE5372}.Release4Tools|x64.ActiveCfg = Release|x64
		{57D1E8A0-1D7E-4240-A898-17D004CE5372}.Release4Tools|x64.Build.0 = Release|x64
		{699BE3B6-1D2A-4D8D-ADA8-DA6E2358B001}.Release|Win32.ActiveCfg = Release|Win32
		{699BE3B6-1D2A-4D8D-ADA8-DA6E2358B001}.Release|Win32.Build.0 = Release|Win32
		{699BE3B6-1D2A-4D8D-ADA8-DA6E2358B001}.Release|x64.ActiveCfg = Release|x64
		{699BE3B6-1D2A-4D8D-ADA8-DA6E2358B001}.Release|x64.Build.0 = Release|x64
		{699BE3B6-1D2A-4D8D-ADA8-DA6E2358B001}.Release4Tools|Win32.ActiveCfg = Release|Win32
		{699BE3B6-1D2A-4D8D-ADA8-DA6E2358B001}.Release4Tools|Win32.Build.0 = Release|Win32
		{699BE3B6-1D2A-4D8D-ADA8-DA6E2358B001}.Release4Tools|x64.ActiveCfg = Release|x64
		{699BE3B6-1D2A-4D8D-ADA8-DA6E2358B001}.Release4Tools|x64.Build.0 = Release|x64
		{669523D3-0BD4-42FF-B630-3BBEC4E04C2C}.Release|Win32.ActiveCfg = Release|Win32
		{669523D3-0BD4-42FF-B630-3BBEC4E04C2C}.Release|Win32.Build.0 = Release|Win32
		{669523D3-0BD4-42FF-B630-3BBEC4E04C2C}.Release|x64.ActiveCfg = Release|x64
		{669523D3-0BD4-42FF-B630-3BBEC4E04C2C}.Release|x64.Build.0 = Release|x64
		{669523D3-0BD4-42FF-B630-3BBEC4E04C2C}.Release4Tools|Win32.ActiveCfg = Release|Win32
		{669523D3-0BD4-42FF-B630-3BBEC4E04C2C}.Release4Tools|Win32.Build.0 = Release|Win32
		{669523D3-0BD4-42FF-B630-3BBEC4E04C2C}.Release4Tools|x64.ActiveCfg = Release|x64
		{669523D3-0BD4-42FF-B630-3BBEC4E04C2C}.Release4Tools|x64.Build.0 = Release|x64
		{1C1BDAFE-5D69-4D1F-9E12-4A580E82EC44}.Release|Win32.ActiveCfg = Release|Win32
		{1C1BDAFE-5D69-4D1F-9E12-4A580E82EC44}.Release|Win32.Build.0 = Release|Win32
		{1C1BDAFE-5D69-4D1F-9E12-4A580E82EC44}.Release|x64.ActiveCfg = Release|x64
		{1C1BDAFE-5D69-4D1F-9E12-4A580E82EC44}.Release|x64.Build.0 = Release|x64
		{1C1BDAFE-5D69-4D1F-9E12-4A580E82EC44}.Release4Tools|Win32.ActiveCfg = Release|Win32
		{1C1BDAFE-5D69-4D1F-9E12-4A580E82EC44}.Release4Tools|Win32.Build.0 = Release|Win32
		{1C1BDAFE-5D69-4D1F-9E12-4A580E82EC44}.Release4Tools|x64.ActiveCfg = Release|x64
		{1C1BDAFE-5D69-4D1F-9E12-4A580E82EC44}.Release4Tools|x64.Build.0 = Release|x64
		{988232BD-5B63-4653-9F66-C7C321D641F6}.Release|Win32.ActiveCfg = Release|Win32
		{988232BD-5B63-4653-9F66-C7C321D641F6}.Release|Win32.Build.0 = Release|Win32
		{988232BD-5B63-4653-9F66-C7C321D641F6}.Release|x64.ActiveCfg = Release|x64
		{988232BD-5B63-4653-9F66-C7C321D641F6}.Release|x64.Build.0 = Release|x64
		{988232BD-5B63-4653-9F66-C7C321D641F6}.Release4Tools|Win32.ActiveCfg = Release|Win32
		{988232BD-5B63-4653-9F66-C7C321D641F6}.Release4Tools|Win32.Build.0 = Release|Win32
		{988232BD-5B63-4653-9F66-C7C321D641F6}.Release4Tools|x64.ActiveCfg = Release|x64
		{988232BD-5B63-4653-9F66-C7C321D641F6}.Release4Tools|x64.Build.0 = Release|x64
		{041D679D-C9A0-4004-B43E-586270223989}.Release|Win32.ActiveCfg = Release|Win32
		{041D679D-C9A0-4004-B43E-586270223989}.Release|Win32.Build.0 = Release|Win32
		{041D679D-C9A0-4004-B43E-586270223989}.Release|x64.ActiveCfg = Release|x64
		{041D679D-C9A0-4004-B43E-586270223989}.Release|x64.Build.0 = Release|x64
		{041D679D-C9A0-4004-B43E-586270223989}.Release4Tools|Win32.ActiveCfg = Release|Win32
		{041D679D-C9A0-4004-B43E-586270223989}.Release4Tools|Win32.Build.0 = Release|Win32
		{041D679D-C9A0-4004-B43E-586270223989}.Release4Tools|x64.ActiveCfg = Release|x64
		{041D679D-C9A0-4004-B43E-586270223989}.Release4Tools|x64.Build.0 = Release|x64
		{347E3815-8CD6-411C-8EF9-DDEAE7B6057A}.Release|Win32.ActiveCfg = Release|Win32
		{347E3815-8CD6-411C-8EF9-DDEAE7B6057A}.Release|Win32.Build.0 = Release|Win32
		{347E3815-8CD6-411C-8EF9-DDEAE7B6057A}.Release|x64.ActiveCfg = Release|x64
		{347E3815-8CD6-411C-8EF9-DDEAE7B6057A}.Release|x64.Build.0 = Release|x64
		{347E3815-8CD6-411C-8EF9-DDEAE7B6057A}.Release4Tools|Win32.ActiveCfg = Release|Win32
		{347E3815-8CD6-411C-8EF9-DDEAE7B6057A}.Release4Tools|Win32.Build.0 = Release|Win32
		{347E3815-8CD6-411C-8EF9-DDEAE7B6057A}.Release4Tools|x64.ActiveCfg = Release|x64
		{347E3815-8CD6-411C-8EF9-DDEAE7B6057A}.Release4Tools|x64.Build.0 = Release|x64
		{258DC4FF-69C0-4E1E-94FF-278E012CD88F}.Release|Win32.ActiveCfg = Release|Win32
		{258DC4FF-69C0-4E1E-94FF-278E012CD88F}.Release|Win32.Build.0 = Release|Win32
		{258DC4FF-69C0-4E1E-94FF-278E012CD88F}.Release|x64.ActiveCfg = Release|x64
		{258DC4FF-69C0-4E1E-94FF-278E012CD88F}.Release|x64.Build.0 = Release|x64
		{258DC4FF-69C0-4E1E-94FF-278E012CD88F}.Release4Tools|Win32.ActiveCfg = Release|Win32
		{258DC4FF-69C0-4E1E-94FF-278E012CD88F}.Release4Tools|Win32.Build.0 = Release|Win32
		{258DC4FF-69C0-4E1E-94FF-278E012CD88F}.Release4Tools|x64.ActiveCfg = Release|x64
		{258DC4FF-69C0-4E1E-94FF-278E012CD88F}.Release4Tools|x64.Build.0 = Release|x64
		{51E2C00E-CE29-4BED-86DF-91AB41CA4DE1}.Release|Win32.ActiveCfg = Release|Win32
		{51E2C00E-CE29-4BED-86DF-91AB41CA4DE1}.Release|Win32.Build.0 = Release|Win32
		{51E2C00E-CE29-4BED-86DF-91AB41CA4DE1}.Release|x64.ActiveCfg = Release|x64
		{51E2C00E-CE29-4BED-86DF-91AB41CA4DE1}.Release|x64.Build.0 = Release|x64
		{51E2C00E-CE29-4BED-86DF-91AB41CA4DE1}.Release4Tools|Win32.ActiveCfg = Release|Win32
		{51E2C00E-CE29-4BED-86DF-91AB41CA4DE1}.Release4Tools|Win32.Build.0 = Release|Win32
		{51E2C00E-CE29-4BED-86DF-91AB41CA4DE1}.Release4Tools|x64.ActiveCfg = Release|x64
		{51E2C00E-CE29-4BED-86DF-91AB41CA4DE1}.Release4Tools|x64.Build.0 = Release|x64
		{B51F37A6-088F-4CCC-AD7A-C68E9F0CF190}.Release|Win32.ActiveCfg = Release|Win32
		{B51F37A6-088F-4CCC-AD7A-C68E9F0CF190}.Release|Win32.Build.0 = Release|Win32
		{B51F37A6-088F-4CCC-AD7A-C68E9F0CF190}.Release|x64.ActiveCfg = Release|x64
		{B51F37A6-088F-4CCC-AD7A-C68E9F0CF190}.Release|x64.Build.0 = Release|x64
		{B51F37A6-088F-4CCC-AD7A-C68E9F0CF190}.Release4Tools|Win32.ActiveCfg = Release|Win32
		{B51F37A6-088F-4CCC-AD7A-C68E9F0CF190}.Release4Tools|Win32.Build.0 = Release|Win32
		{B51F37A6-088F-4CCC-AD7A-C68E9F0CF190}.Release4Tools|x64.ActiveCfg = Release|x64
		{B51F37A6-088F-4CCC-AD7A-C68E9F0CF190}.Release4Tools|x64.Build.0 = Release|x64
		{702A04BE-A640-47FA-A17A-A634D3103AC3}.Release|Win32.ActiveCfg = Release|Win32
		{702A04BE-A640-47FA-A17A-A634D3103AC3}.Release|Win32.Build.0 = Release|Win32
		{702A04BE-A640-47FA-A17A-A634D3103AC3}.Release|x64.ActiveCfg = Release|x64
		{702A04BE-A640-47FA-A17A-A634D3103AC3}.Release|x64.Build.0 = Release|x64
		{702A04BE-A640-47FA-A17A-A634D3103AC3}.Release4Tools|Win32.ActiveCfg = Release|Win32
		{702A04BE-A640-47FA-A17A-A634D3103AC3}.Release4Tools|Win32.Build.0 = Release|Win32
		{702A04BE-A640-47FA-A17A-A634D3103AC3}.Release4Tools|x64.ActiveCfg = Release|x64
		{702A04BE-A640-47FA-A17A-A634D3103AC3}.Release4Tools|x64.Build.0 = Release|x64
		{15B4EF1D-8B98-4DF4-A9F7-880010A14975}.Release|Win32.ActiveCfg = Release|Win32
		{15B4EF1D-8B98-4DF4-A9F7-880010A14975}.Release|Win32.Build.0 = Release|Win32
		{15B4EF1D-8B98-4DF4-A9F7-880010A14975}.Release|x64.ActiveCfg = Release|x64
		{15B4EF1D-8B98-4DF4-A9F7-880010A14975}.Release|x64.Build.0 = Release|x64
		{15B4EF1D-8B98-4DF4-A9F7-880010A14975}.Release4Tools|Win32.ActiveCfg = Release|Win32
		{15B4EF1D-8B98-4DF4-A9F7-880010A14975}.Release4Tools|Win32.Build.0 = Release|Win32
		{15B4EF1D-8B98-4DF4-A9F7-880010A14975}.Release4Tools|x64.ActiveCfg = Release|x64
		{15B4EF1D-8B98-4DF4-A9F7-880010A14975}.Release4Tools|x64.Build.0 = Release|x64
		{5EF84E36-EF9C-4CED-85B0-0D8F3FF1E43E}.Release|Win32.ActiveCfg = Release|Win32
		{5EF84E36-EF9C-4CED-85B0-0D8F3FF1E43E}.Release|Win32.Build.0 = Release|Win32
		{5EF84E36-EF9C-4CED-85B0-0D8F3FF1E43E}.Release|x64.ActiveCfg = Release|x64
		{5EF84E36-EF9C-4CED-85B0-0D8F3FF1E43E}.Release|x64.Build.0 = Release|x64
		{5EF84E36-EF9C-4CED-85B0-0D8F3FF1E43E}.Release4Tools|Win32.ActiveCfg = Release|Win32
		{5EF84E36-EF9C-4CED-85B0-0D8F3FF1E43E}.Release4Tools|Win32.Build.0 = Release|Win32
		{5EF84E36-EF9C-4CED-85B0-0D8F3FF1E43E}.Release4Tools|x64.ActiveCfg = Release|x64
		{5EF84E36-EF9C-4CED-85B0-0D8F3FF1E43E}.Release4Tools|x64.Build.0 = Release|x64
		{C6647368-067F-4773-85E2-2BCD231F1952}.Release|Win32.ActiveCfg = Release|Win32
		{C6647368-067F-4773-85E2-2BCD231F1952}.Release|Win32.Build.0 = Release|Win32
		{C6647368-067F-4773-85E2-2BCD231F1952}.Release|x64.ActiveCfg = Release|x64
		{C6647368-067F-4773-85E2-2BCD231F1952}.Release|x64.Build.0 = Release|x64
		{C6647368-067F-4773-85E2-2BCD231F1952}.Release4Tools|Win32.ActiveCfg = Release|Win32
		{C6647368-067F-4773-85E2-2BCD231F1952}.Release4Tools|Win32.Build.0 = Release|Win32
		{C6647368-067F-4773-85E2-2BCD231F1952}.Release4Tools|x64.ActiveCfg = Release|x64
		{C6647368-067F-4773-85E2-2BCD231F1952}.Release4Tools|x64.Build.0 = Release|x64
		{30B44128-7E2B-4B44-80BE-AA04D6EB4577}.Release|Win32.ActiveCfg = Release|Win32
		{30B44128-7E2B-4B44-80BE-AA04D6EB4577}.Release|Win32.Build.0 = Release|Win32
		{30B44128-7E2B-4B44-80BE-AA04D6EB4577}.Release|x64.ActiveCfg = Release|x64
		{30B44128-7E2B-4B44-80BE-AA04D6EB4577}.Release|x64.Build.0 = Release|x64
		{30B44128-7E2B-4B44-80BE-AA04D6EB4577}.Release4Tools|Win32.ActiveCfg = Release|Win32
		{30B44128-7E2B-4B44-80BE-AA04D6EB4577}.Release4Tools|Win32.Build.0 = Release|Win32
		{30B44128-7E2B-4B44-80BE-AA04D6EB4577}.Release4Tools|x64.ActiveCfg = Release|x64
		{30B44128-7E2B-4B44-80BE-AA04D6EB4577}.Release4Tools|x64.Build.0 = Release|x64
		{AF56BF51-7782-4534-B417-9DB12F90A493}.Release|Win32.ActiveCfg = Release|Win32
		{AF56BF51-7782-4534-B417-9DB12F90A493}.Release|Win32.Build.0 = Release|Win32
		{AF56BF51-7782-4534-B417-9DB12F90A493}.Release|x64.ActiveCfg = Release|x64
		{AF56BF51-7782-4534-B417-9DB12F90A493}.Release|x64.Build.0 = Release|x64
		{AF56BF51-7782-4534-B417-9DB12F90A493}.Release4Tools|Win32.ActiveCfg = Release|Win32
		{AF56BF51-7782-4534-B417-9DB12F90A493}.Release4Tools|Win32.Build.0 = Release|Win32
		{AF56BF51-7782-4534-B417-9DB12F90A493}.Release4Tools|x64.ActiveCfg = Release|x64
		{AF56BF51-7782-4534-B417-9DB12F90A493}.Release4Tools|x64.Build.0 = Release|x64
		{2FE8B8B4-BF90-49CC-9F20-6EBFCB53E880}.Release|Win32.ActiveCfg = Release|Win32
		{2FE8B8B4-BF90-49CC-9F20-6EBFCB53E880}.Release|Win32.Build.0 = Release|Win32
		{2FE8B8B4-BF90-49CC-9F20-6EBFCB53E880}.Release|x64.ActiveCfg = Release|x64
		{2FE8B8B4-BF90-49CC-9F20-6EBFCB53E880}.Release|x64.Build.0 = Release|x64
		{2FE8B8B4-BF90-49CC-9F20-6EBFCB53E880}.Release4Tools|Win32.ActiveCfg = Release|Win32
		{2FE8B8B4-BF90-49CC-9F20-6EBFCB53E880}.Release4Tools|Win32.Build.0 = Release|Win32
		{2FE8B8B4-BF90-49CC-9F20-6EBFCB53E880}.Release4Tools|x64.ActiveCfg = Release|x64
		{2FE8B8B4-BF90-49CC-9F20-6EBFCB53E880}.Release4Tools|x64.Build.0 = Release|x64
		{E014CDD3-DA5B-4ECF-8076-6A0CD476678D}.Release|Win32.ActiveCfg = Release|Win32
		{E014CDD3-DA5B-4ECF-8076-6A0CD476678D}.Release|Win32.Build.0 = Release|Win32
		{E014CDD3-DA5B-4ECF-8076-6A0CD476678D}.Release|x64.ActiveCfg = Release|x64
		{E014CDD3-DA5B-4ECF-8076-6A0CD476678D}.Release|x64.Build.0 = Release|x64
		{E014CDD3-DA5B-4ECF-8076-6A0CD476678D}.Release4Tools|Win32.ActiveCfg = Release|Win32
		{E014CDD3-DA5B-4ECF-8076-6A0CD476678D}.Release4Tools|Win32.Build.0 = Release|Win32
		{E014CDD3-DA5B-4ECF-8076-6A0CD476678D}.Release4Tools|x64.ActiveCfg = Release|x64
		{E014CDD3-DA5B-4ECF-8076-6A0CD476678D}.Release4Tools|x64.Build.0 = Release|x64
		{923EA46A-C519-4DC1-B2B5-F4B6A7A0E07B}.Release|Win32.ActiveCfg = Release4Tools|Win32
		{923EA46A-C519-4DC1-B2B5-F4B6A7A0E07B}.Release|x64.ActiveCfg = Release4Tools|Win32
		{923EA46A-C519-4DC1-B2B5-F4B6A7A0E07B}.Release|x64.Build.0 = Release4Tools|Win32
		{923EA46A-C519-4DC1-B2B5-F4B6A7A0E07B}.Release4Tools|Win32.ActiveCfg = Release4Tools|Win32
		{923EA46A-C519-4DC1-B2B5-F4B6A7A0E07B}.Release4Tools|Win32.Build.0 = Release4Tools|Win32
		{923EA46A-C519-4DC1-B2B5-F4B6A7A0E07B}.Release4Tools|x64.ActiveCfg = Release4Tools|Win32
		{923EA46A-C519-4DC1-B2B5-F4B6A7A0E07B}.Release4Tools|x64.Build.0 = Release4Tools|Win32
	EndGlobalSection
	GlobalSection(SolutionProperties) = preSolution
		HideSolutionNode = FALSE
	EndGlobalSection
	GlobalSection(NestedProjects) = preSolution
		{2D91CAFC-1814-4CB4-B844-4E55F937D051} = {83C49CBD-7BA5-4FAC-926D-E102FFF1CFFF}
		{AC4B3632-113D-40E1-B22F-0E6D9D1FD15A} = {83C49CBD-7BA5-4FAC-926D-E102FFF1CFFF}
		{4CACAF6F-333C-4AC8-BB0E-CE8EEE4B44A3} = {83C49CBD-7BA5-4FAC-926D-E102FFF1CFFF}
		{A2E4D1EC-1758-44E0-B3C9-955C286F84BE} = {83C49CBD-7BA5-4FAC-926D-E102FFF1CFFF}
		{0EC8E06B-8138-4BFD-8AF7-9CAD1F2F65AC} = {83C49CBD-7BA5-4FAC-926D-E102FFF1CFFF}
		{7BB7020C-506B-47F4-B54B-C91C6F5246CA} = {83C49CBD-7BA5-4FAC-926D-E102FFF1CFFF}
		{8E1E45F4-1BCF-412A-A5E7-79EA79233C4F} = {6631E6ED-F2EF-4DBC-852C-81874EE29401}
		{0A07CCC0-9F5D-4E94-B7D6-68BD00DFD37D} = {83C49CBD-7BA5-4FAC-926D-E102FFF1CFFF}
		{9D941CAC-4183-44E3-AEC3-817C0A32D1DD} = {6B42106C-F035-4BB9-9DBD-82844EAFDADF}
		{F7291B35-71F2-47C4-AE77-F3C4AB3B43A0} = {6B42106C-F035-4BB9-9DBD-82844EAFDADF}
		{573EB1E4-7620-479E-8CCF-DEF06491545B} = {6B42106C-F035-4BB9-9DBD-82844EAFDADF}
		{C54A01C8-8482-4EF8-B259-06DFF4FD4DBE} = {83C49CBD-7BA5-4FAC-926D-E102FFF1CFFF}
		{9A4DC8E8-16EF-463B-8F14-77F447A782CC} = {6B42106C-F035-4BB9-9DBD-82844EAFDADF}
		{31832309-D436-4C40-913D-87AAF73FFC99} = {6B42106C-F035-4BB9-9DBD-82844EAFDADF}
		{3BEE299B-D145-4030-81DD-D8B9ADE8B767} = {6B42106C-F035-4BB9-9DBD-82844EAFDADF}
		{4BD7B6FB-4AFC-4880-A136-3B59F384ED9E} = {83C49CBD-7BA5-4FAC-926D-E102FFF1CFFF}
		{5229F8AE-A505-4077-B6D3-5CE0164DFE73} = {6B42106C-F035-4BB9-9DBD-82844EAFDADF}
		{CF10A0F6-007A-4BD3-896F-2CA1E9FAEF45} = {83C49CBD-7BA5-4FAC-926D-E102FFF1CFFF}
		{6B986670-4F74-4BD1-B3F2-4C79496BB2E1} = {80D46013-0A0B-4129-890D-2B99E8B8D1FC}
		{DE6F78C4-D4BD-4594-B1F0-E7FE85E30EE5} = {83C49CBD-7BA5-4FAC-926D-E102FFF1CFFF}
		{837E47AA-E57B-46FF-B42F-26F23BCBA8DF} = {83C49CBD-7BA5-4FAC-926D-E102FFF1CFFF}
		{F402446F-1027-44E2-B78B-F50537CC3F08} = {6B42106C-F035-4BB9-9DBD-82844EAFDADF}
		{5C632C3B-4EE4-470A-BCC7-0EC83C058CB9} = {6B42106C-F035-4BB9-9DBD-82844EAFDADF}
		{393DFFA4-16B4-4037-AED4-36C4DFFB5B18} = {83C49CBD-7BA5-4FAC-926D-E102FFF1CFFF}
		{1F437F8E-D07B-4A71-858C-318DDF7FF968} = {83C49CBD-7BA5-4FAC-926D-E102FFF1CFFF}
		{76814177-7FC9-46C0-9415-8A7A6DE32B13} = {80D46013-0A0B-4129-890D-2B99E8B8D1FC}
		{9B2B6C11-764E-4D4B-8DB2-F91AC99E0B93} = {6B42106C-F035-4BB9-9DBD-82844EAFDADF}
		{B964121C-8283-4619-A3DC-5DE195776A44} = {80D46013-0A0B-4129-890D-2B99E8B8D1FC}
		{F81D062A-8751-498D-8CAF-0AC57BCA03D7} = {0F57A354-CF62-4264-8358-F59F4EC974D2}
		{F4FB1FD6-C092-49F1-A85B-04CB819E9DB1} = {0F57A354-CF62-4264-8358-F59F4EC974D2}
		{2BD8E1B8-56BD-45A1-BFB6-8C94283460D2} = {0F57A354-CF62-4264-8358-F59F4EC974D2}
		{922B3916-A23C-4197-B390-AEEDDFC66CF4} = {0F57A354-CF62-4264-8358-F59F4EC974D2}
		{E3805E00-E016-477A-9230-728F15AE3CC8} = {0F57A354-CF62-4264-8358-F59F4EC974D2}
		{F765A9C4-8B85-47FF-8498-7E4DE2F37075} = {0F57A354-CF62-4264-8358-F59F4EC974D2}
		{B2D0B9BF-06DC-4EF3-897C-538D1E71AD1A} = {0F57A354-CF62-4264-8358-F59F4EC974D2}
		{AFD522EC-FCDF-4D1B-87A1-2D9708B283A1} = {0F57A354-CF62-4264-8358-F59F4EC974D2}
		{BCB1EB0E-6966-4B54-87B7-FD84168B31F0} = {0F57A354-CF62-4264-8358-F59F4EC974D2}
		{598C65CD-65AA-493A-AF8B-F0A0E949B998} = {0F57A354-CF62-4264-8358-F59F4EC974D2}
		{46A064D7-3551-44BC-A5D8-4B24A9FD5BA6} = {0F57A354-CF62-4264-8358-F59F4EC974D2}
		{E0E9E259-A110-4219-98D5-8738B744D138} = {0F57A354-CF62-4264-8358-F59F4EC974D2}
		{4CCB747F-AFE7-4A2C-A455-051A916946CD} = {0F57A354-CF62-4264-8358-F59F4EC974D2}
		{8444E7EA-CCB2-4C68-B7AB-DD6A11C01DF3} = {0F57A354-CF62-4264-8358-F59F4EC974D2}
		{7BECDB31-3682-469B-9F78-ECBE1E2755F4} = {0F57A354-CF62-4264-8358-F59F4EC974D2}
		{B0BDC256-4832-40C3-958F-29A16EA73201} = {0F57A354-CF62-4264-8358-F59F4EC974D2}
		{BE183786-311C-460E-8F05-2186400C3874} = {0F57A354-CF62-4264-8358-F59F4EC974D2}
		{367E90DF-3873-43F7-819C-EE476E07EBAA} = {0F57A354-CF62-4264-8358-F59F4EC974D2}
		{82F61CAE-BBEC-4036-B711-87D64CCDE19C} = {0F57A354-CF62-4264-8358-F59F4EC974D2}
		{D8F39367-5BEB-40A5-B526-5DDA7AB2229B} = {0F57A354-CF62-4264-8358-F59F4EC974D2}
		{7237D67C-6495-4989-83F5-112B9B77DC3C} = {0F57A354-CF62-4264-8358-F59F4EC974D2}
		{1658E4C7-7D42-4FF9-AF1C-7BA323A73FD9} = {0F57A354-CF62-4264-8358-F59F4EC974D2}
		{BA3C8156-B36E-46F0-AEA0-DC988D17300D} = {0F57A354-CF62-4264-8358-F59F4EC974D2}
		{21D75C8F-7E76-407E-89E0-6A24DA974580} = {0F57A354-CF62-4264-8358-F59F4EC974D2}
		{476640C6-9AEE-471F-8D58-BB398FD7975C} = {0F57A354-CF62-4264-8358-F59F4EC974D2}
		{C476EC84-6AB1-4A5B-8DEB-FAB41688D345} = {0F57A354-CF62-4264-8358-F59F4EC974D2}
		{A930572A-E96A-4744-A1D1-85FD85361050} = {0F57A354-CF62-4264-8358-F59F4EC974D2}
		{6B5B0CCF-A7D4-4B76-A2A7-2C2A1D04BA56} = {0F57A354-CF62-4264-8358-F59F4EC974D2}
		{E97DA30A-6597-4CC2-87A4-F2E38EA8BF43} = {0F57A354-CF62-4264-8358-F59F4EC974D2}
		{2255B772-2619-4AFB-A8F8-42F79F011C88} = {0F57A354-CF62-4264-8358-F59F4EC974D2}
		{CBE074A7-0CD8-4E0A-B24C-6C903B07CB28} = {0F57A354-CF62-4264-8358-F59F4EC974D2}
		{FCCBC98E-C1E8-4454-A612-DC193E745FE9} = {0F57A354-CF62-4264-8358-F59F4EC974D2}
		{C818C2D3-5A67-4F3B-B516-55636CC71C5B} = {0F57A354-CF62-4264-8358-F59F4EC974D2}
		{A29F3FC1-5756-400D-8E23-67B593CC47D9} = {0F57A354-CF62-4264-8358-F59F4EC974D2}
		{401BE724-205B-488B-B520-BA1D4E8FC0E5} = {0F57A354-CF62-4264-8358-F59F4EC974D2}
		{5C5F8A26-28FE-47D4-9C47-3F2A57485B0F} = {0F57A354-CF62-4264-8358-F59F4EC974D2}
		{86570CC2-2883-4998-80EF-0D6C091A2207} = {0F57A354-CF62-4264-8358-F59F4EC974D2}
		{BA7FB9CA-D56C-4378-90DD-7678B75AFD4D} = {0F57A354-CF62-4264-8358-F59F4EC974D2}
		{132F579A-679C-4706-9748-D4745D942E36} = {0F57A354-CF62-4264-8358-F59F4EC974D2}
		{BA93790A-24DF-4ED0-993F-FCC970B88E5F} = {0F57A354-CF62-4264-8358-F59F4EC974D2}
		{AD1CFFF2-C695-415A-A7F9-8E308D05070C} = {0F57A354-CF62-4264-8358-F59F4EC974D2}
		{D41D138C-B7B3-4083-ABD7-DFAA5503F1D0} = {0F57A354-CF62-4264-8358-F59F4EC974D2}
		{CC131AB7-643A-4596-BF51-FB6828B14A17} = {0F57A354-CF62-4264-8358-F59F4EC974D2}
		{BD30F2DA-B4FC-4BA5-B931-D4F59F413AB4} = {0F57A354-CF62-4264-8358-F59F4EC974D2}
		{D9475800-7917-4530-AEDC-C08208292532} = {0F57A354-CF62-4264-8358-F59F4EC974D2}
		{921559A8-7839-44B0-8F70-AD52500EA4A7} = {0F57A354-CF62-4264-8358-F59F4EC974D2}
		{DABDC305-442C-414D-92BC-40E03B2D00AA} = {0F57A354-CF62-4264-8358-F59F4EC974D2}
		{60049D8F-B397-477B-8E74-1081B81FECA8} = {0F57A354-CF62-4264-8358-F59F4EC974D2}
		{7E7C5CC7-EA3C-4FDC-A138-DFE9578D8EA0} = {0F57A354-CF62-4264-8358-F59F4EC974D2}
		{880FDBA7-D468-4F2B-A2E0-93B36E676E7D} = {0F57A354-CF62-4264-8358-F59F4EC974D2}
		{0B8B4BA7-3881-42FC-BCB6-C3D21C0F0EED} = {0F57A354-CF62-4264-8358-F59F4EC974D2}
		{735F1B94-ED71-417B-9F51-6B696786E463} = {0F57A354-CF62-4264-8358-F59F4EC974D2}
		{B5402C32-30E2-40F7-8FDD-E82799E41057} = {0F57A354-CF62-4264-8358-F59F4EC974D2}
		{57D1E8A0-1D7E-4240-A898-17D004CE5372} = {0F57A354-CF62-4264-8358-F59F4EC974D2}
		{699BE3B6-1D2A-4D8D-ADA8-DA6E2358B001} = {0F57A354-CF62-4264-8358-F59F4EC974D2}
		{669523D3-0BD4-42FF-B630-3BBEC4E04C2C} = {0F57A354-CF62-4264-8358-F59F4EC974D2}
		{1C1BDAFE-5D69-4D1F-9E12-4A580E82EC44} = {0F57A354-CF62-4264-8358-F59F4EC974D2}
		{988232BD-5B63-4653-9F66-C7C321D641F6} = {0F57A354-CF62-4264-8358-F59F4EC974D2}
		{041D679D-C9A0-4004-B43E-586270223989} = {0F57A354-CF62-4264-8358-F59F4EC974D2}
		{347E3815-8CD6-411C-8EF9-DDEAE7B6057A} = {0F57A354-CF62-4264-8358-F59F4EC974D2}
		{258DC4FF-69C0-4E1E-94FF-278E012CD88F} = {0F57A354-CF62-4264-8358-F59F4EC974D2}
		{51E2C00E-CE29-4BED-86DF-91AB41CA4DE1} = {0F57A354-CF62-4264-8358-F59F4EC974D2}
		{B51F37A6-088F-4CCC-AD7A-C68E9F0CF190} = {0F57A354-CF62-4264-8358-F59F4EC974D2}
		{702A04BE-A640-47FA-A17A-A634D3103AC3} = {0F57A354-CF62-4264-8358-F59F4EC974D2}
		{15B4EF1D-8B98-4DF4-A9F7-880010A14975} = {0F57A354-CF62-4264-8358-F59F4EC974D2}
		{5EF84E36-EF9C-4CED-85B0-0D8F3FF1E43E} = {0F57A354-CF62-4264-8358-F59F4EC974D2}
		{C6647368-067F-4773-85E2-2BCD231F1952} = {0F57A354-CF62-4264-8358-F59F4EC974D2}
		{30B44128-7E2B-4B44-80BE-AA04D6EB4577} = {0F57A354-CF62-4264-8358-F59F4EC974D2}
		{AF56BF51-7782-4534-B417-9DB12F90A493} = {0F57A354-CF62-4264-8358-F59F4EC974D2}
		{2FE8B8B4-BF90-49CC-9F20-6EBFCB53E880} = {0F57A354-CF62-4264-8358-F59F4EC974D2}
		{E014CDD3-DA5B-4ECF-8076-6A0CD476678D} = {0F57A354-CF62-4264-8358-F59F4EC974D2}
		{923EA46A-C519-4DC1-B2B5-F4B6A7A0E07B} = {80D46013-0A0B-4129-890D-2B99E8B8D1FC}
	EndGlobalSection
	GlobalSection(ExtensibilityGlobals) = postSolution
		SolutionGuid = {8B7002E8-47F5-4485-AE58-4F3A0E699663}
	EndGlobalSection
	GlobalSection(DPCodeReviewSolutionGUID) = preSolution
		DPCodeReviewSolutionGUID = {00000000-0000-0000-0000-000000000000}
	EndGlobalSection
EndGlobal
